// !$*UTF8*$!
{
	archiveVersion = 1;
	classes = {
	};
	objectVersion = 55;
	objects = {

/* Begin PBXBuildFile section */
		70220DD51C5772784980F559 /* Pods_Sinzak.framework in Frameworks */ = {isa = PBXBuildFile; fileRef = 2700FF81BC95B6E59A53DC75 /* Pods_Sinzak.framework */; };
		A20CBD58294786550012FF32 /* SpoqaHanSansNeo-Medium.ttf in Resources */ = {isa = PBXBuildFile; fileRef = A20CBD55294786530012FF32 /* SpoqaHanSansNeo-Medium.ttf */; };
		A20CBD59294786550012FF32 /* SpoqaHanSansNeo-Regular.ttf in Resources */ = {isa = PBXBuildFile; fileRef = A20CBD56294786540012FF32 /* SpoqaHanSansNeo-Regular.ttf */; };
		A20CBD5A294786550012FF32 /* SpoqaHanSansNeo-Bold.ttf in Resources */ = {isa = PBXBuildFile; fileRef = A20CBD57294786550012FF32 /* SpoqaHanSansNeo-Bold.ttf */; };
		A210CD4F292F4D5300F86A08 /* SnapKit in Frameworks */ = {isa = PBXBuildFile; productRef = A210CD4E292F4D5300F86A08 /* SnapKit */; };
		A210CD52292F4D6B00F86A08 /* Then in Frameworks */ = {isa = PBXBuildFile; productRef = A210CD51292F4D6B00F86A08 /* Then */; };
		A210CD55292F4D8800F86A08 /* RxCocoa in Frameworks */ = {isa = PBXBuildFile; productRef = A210CD54292F4D8800F86A08 /* RxCocoa */; };
		A210CD57292F4D8800F86A08 /* RxSwift in Frameworks */ = {isa = PBXBuildFile; productRef = A210CD56292F4D8800F86A08 /* RxSwift */; };
		A210CD5A292F4DDA00F86A08 /* ReactorKit in Frameworks */ = {isa = PBXBuildFile; productRef = A210CD59292F4DDA00F86A08 /* ReactorKit */; };
		A23415B22927D776007DADE7 /* AppDelegate.swift in Sources */ = {isa = PBXBuildFile; fileRef = A23415B12927D776007DADE7 /* AppDelegate.swift */; };
		A23415B42927D776007DADE7 /* SceneDelegate.swift in Sources */ = {isa = PBXBuildFile; fileRef = A23415B32927D776007DADE7 /* SceneDelegate.swift */; };
		A23415B62927D776007DADE7 /* ViewController.swift in Sources */ = {isa = PBXBuildFile; fileRef = A23415B52927D776007DADE7 /* ViewController.swift */; };
		A23415B92927D776007DADE7 /* Main.storyboard in Resources */ = {isa = PBXBuildFile; fileRef = A23415B72927D776007DADE7 /* Main.storyboard */; };
		A23415BB2927D778007DADE7 /* Assets.xcassets in Resources */ = {isa = PBXBuildFile; fileRef = A23415BA2927D778007DADE7 /* Assets.xcassets */; };
		A23415BE2927D778007DADE7 /* LaunchScreen.storyboard in Resources */ = {isa = PBXBuildFile; fileRef = A23415BC2927D778007DADE7 /* LaunchScreen.storyboard */; };
		A23415C62927D7A9007DADE7 /* .gitignore in Resources */ = {isa = PBXBuildFile; fileRef = A23415C52927D7A9007DADE7 /* .gitignore */; };
		A2806121292F50FA005AE0B3 /* .swiftlint.yml in Resources */ = {isa = PBXBuildFile; fileRef = A2806120292F50FA005AE0B3 /* .swiftlint.yml */; };
		A2806129292F585E005AE0B3 /* setColor.swift in Sources */ = {isa = PBXBuildFile; fileRef = A2806128292F585E005AE0B3 /* setColor.swift */; };
/* End PBXBuildFile section */

/* Begin PBXFileReference section */
		2700FF81BC95B6E59A53DC75 /* Pods_Sinzak.framework */ = {isa = PBXFileReference; explicitFileType = wrapper.framework; includeInIndex = 0; path = Pods_Sinzak.framework; sourceTree = BUILT_PRODUCTS_DIR; };
		3DB488BBBBBFF96BBEF7A346 /* Pods-Sinzak.release.xcconfig */ = {isa = PBXFileReference; includeInIndex = 1; lastKnownFileType = text.xcconfig; name = "Pods-Sinzak.release.xcconfig"; path = "Target Support Files/Pods-Sinzak/Pods-Sinzak.release.xcconfig"; sourceTree = "<group>"; };
		4C1051FDB08E63609D13B62C /* Pods-Sinzak.debug.xcconfig */ = {isa = PBXFileReference; includeInIndex = 1; lastKnownFileType = text.xcconfig; name = "Pods-Sinzak.debug.xcconfig"; path = "Target Support Files/Pods-Sinzak/Pods-Sinzak.debug.xcconfig"; sourceTree = "<group>"; };
		A20CBD55294786530012FF32 /* SpoqaHanSansNeo-Medium.ttf */ = {isa = PBXFileReference; lastKnownFileType = file; path = "SpoqaHanSansNeo-Medium.ttf"; sourceTree = "<group>"; };
		A20CBD56294786540012FF32 /* SpoqaHanSansNeo-Regular.ttf */ = {isa = PBXFileReference; lastKnownFileType = file; path = "SpoqaHanSansNeo-Regular.ttf"; sourceTree = "<group>"; };
		A20CBD57294786550012FF32 /* SpoqaHanSansNeo-Bold.ttf */ = {isa = PBXFileReference; lastKnownFileType = file; path = "SpoqaHanSansNeo-Bold.ttf"; sourceTree = "<group>"; };
		A23415AE2927D776007DADE7 /* Sinzak.app */ = {isa = PBXFileReference; explicitFileType = wrapper.application; includeInIndex = 0; path = Sinzak.app; sourceTree = BUILT_PRODUCTS_DIR; };
		A23415B12927D776007DADE7 /* AppDelegate.swift */ = {isa = PBXFileReference; lastKnownFileType = sourcecode.swift; path = AppDelegate.swift; sourceTree = "<group>"; };
		A23415B32927D776007DADE7 /* SceneDelegate.swift */ = {isa = PBXFileReference; lastKnownFileType = sourcecode.swift; path = SceneDelegate.swift; sourceTree = "<group>"; };
		A23415B52927D776007DADE7 /* ViewController.swift */ = {isa = PBXFileReference; lastKnownFileType = sourcecode.swift; path = ViewController.swift; sourceTree = "<group>"; };
		A23415B82927D776007DADE7 /* Base */ = {isa = PBXFileReference; lastKnownFileType = file.storyboard; name = Base; path = Base.lproj/Main.storyboard; sourceTree = "<group>"; };
		A23415BA2927D778007DADE7 /* Assets.xcassets */ = {isa = PBXFileReference; lastKnownFileType = folder.assetcatalog; path = Assets.xcassets; sourceTree = "<group>"; };
		A23415BD2927D778007DADE7 /* Base */ = {isa = PBXFileReference; lastKnownFileType = file.storyboard; name = Base; path = Base.lproj/LaunchScreen.storyboard; sourceTree = "<group>"; };
		A23415BF2927D778007DADE7 /* Info.plist */ = {isa = PBXFileReference; lastKnownFileType = text.plist.xml; path = Info.plist; sourceTree = "<group>"; };
		A23415C52927D7A9007DADE7 /* .gitignore */ = {isa = PBXFileReference; lastKnownFileType = text; path = .gitignore; sourceTree = "<group>"; };
		A2806120292F50FA005AE0B3 /* .swiftlint.yml */ = {isa = PBXFileReference; lastKnownFileType = text.yaml; path = .swiftlint.yml; sourceTree = "<group>"; };
		A2806128292F585E005AE0B3 /* setColor.swift */ = {isa = PBXFileReference; lastKnownFileType = sourcecode.swift; path = setColor.swift; sourceTree = "<group>"; };
/* End PBXFileReference section */

/* Begin PBXFrameworksBuildPhase section */
		A23415AB2927D776007DADE7 /* Frameworks */ = {
			isa = PBXFrameworksBuildPhase;
			buildActionMask = 2147483647;
			files = (
				A210CD55292F4D8800F86A08 /* RxCocoa in Frameworks */,
				A210CD4F292F4D5300F86A08 /* SnapKit in Frameworks */,
				A210CD57292F4D8800F86A08 /* RxSwift in Frameworks */,
				A210CD5A292F4DDA00F86A08 /* ReactorKit in Frameworks */,
				A210CD52292F4D6B00F86A08 /* Then in Frameworks */,
				70220DD51C5772784980F559 /* Pods_Sinzak.framework in Frameworks */,
			);
			runOnlyForDeploymentPostprocessing = 0;
		};
/* End PBXFrameworksBuildPhase section */

/* Begin PBXGroup section */
		0B7D5C41DAC50EA425D9F0D5 /* Frameworks */ = {
			isa = PBXGroup;
			children = (
				2700FF81BC95B6E59A53DC75 /* Pods_Sinzak.framework */,
			);
			name = Frameworks;
			sourceTree = "<group>";
		};
		73D41B78272D1995AF9DE204 /* Pods */ = {
			isa = PBXGroup;
			children = (
				4C1051FDB08E63609D13B62C /* Pods-Sinzak.debug.xcconfig */,
				3DB488BBBBBFF96BBEF7A346 /* Pods-Sinzak.release.xcconfig */,
			);
			path = Pods;
			sourceTree = "<group>";
		};
		A20CBD54294786350012FF32 /* Fonts */ = {
			isa = PBXGroup;
			children = (
				A20CBD57294786550012FF32 /* SpoqaHanSansNeo-Bold.ttf */,
				A20CBD55294786530012FF32 /* SpoqaHanSansNeo-Medium.ttf */,
				A20CBD56294786540012FF32 /* SpoqaHanSansNeo-Regular.ttf */,
			);
			path = Fonts;
			sourceTree = "<group>";
		};
		A23415A52927D776007DADE7 = {
			isa = PBXGroup;
			children = (
				A2806120292F50FA005AE0B3 /* .swiftlint.yml */,
				A23415C52927D7A9007DADE7 /* .gitignore */,
				A23415B02927D776007DADE7 /* Sinzak */,
				A23415AF2927D776007DADE7 /* Products */,
				73D41B78272D1995AF9DE204 /* Pods */,
				0B7D5C41DAC50EA425D9F0D5 /* Frameworks */,
			);
			sourceTree = "<group>";
		};
		A23415AF2927D776007DADE7 /* Products */ = {
			isa = PBXGroup;
			children = (
				A23415AE2927D776007DADE7 /* Sinzak.app */,
			);
			name = Products;
			sourceTree = "<group>";
		};
		A23415B02927D776007DADE7 /* Sinzak */ = {
			isa = PBXGroup;
			children = (
				A2806122292F5462005AE0B3 /* App */,
				A2806123292F5495005AE0B3 /* Global */,
				A2806124292F54A2005AE0B3 /* Scene */,
				A2806127292F5848005AE0B3 /* Util */,
				A23415BF2927D778007DADE7 /* Info.plist */,
			);
			path = Sinzak;
			sourceTree = "<group>";
		};
		A2806122292F5462005AE0B3 /* App */ = {
			isa = PBXGroup;
			children = (
				A23415B12927D776007DADE7 /* AppDelegate.swift */,
				A23415B32927D776007DADE7 /* SceneDelegate.swift */,
			);
			path = App;
			sourceTree = "<group>";
		};
		A2806123292F5495005AE0B3 /* Global */ = {
			isa = PBXGroup;
			children = (
				A2806126292F54FE005AE0B3 /* Resource */,
				A2806125292F54F3005AE0B3 /* Support */,
			);
			path = Global;
			sourceTree = "<group>";
		};
		A2806124292F54A2005AE0B3 /* Scene */ = {
			isa = PBXGroup;
			children = (
				A23415B52927D776007DADE7 /* ViewController.swift */,
				A23415B72927D776007DADE7 /* Main.storyboard */,
			);
			path = Scene;
			sourceTree = "<group>";
		};
		A2806125292F54F3005AE0B3 /* Support */ = {
			isa = PBXGroup;
			children = (
				A23415BC2927D778007DADE7 /* LaunchScreen.storyboard */,
			);
			path = Support;
			sourceTree = "<group>";
		};
		A2806126292F54FE005AE0B3 /* Resource */ = {
			isa = PBXGroup;
			children = (
				A20CBD54294786350012FF32 /* Fonts */,
				A23415BA2927D778007DADE7 /* Assets.xcassets */,
			);
			path = Resource;
			sourceTree = "<group>";
		};
		A2806127292F5848005AE0B3 /* Util */ = {
			isa = PBXGroup;
			children = (
				A2806128292F585E005AE0B3 /* setColor.swift */,
			);
			path = Util;
			sourceTree = "<group>";
		};
/* End PBXGroup section */

/* Begin PBXNativeTarget section */
		A23415AD2927D776007DADE7 /* Sinzak */ = {
			isa = PBXNativeTarget;
			buildConfigurationList = A23415C22927D778007DADE7 /* Build configuration list for PBXNativeTarget "Sinzak" */;
			buildPhases = (
				63AF460DB6AD4937BE18FE0B /* [CP] Check Pods Manifest.lock */,
				A23415AA2927D776007DADE7 /* Sources */,
				A23415AB2927D776007DADE7 /* Frameworks */,
				A23415AC2927D776007DADE7 /* Resources */,
				A280611F292F4F42005AE0B3 /* ShellScript */,
			);
			buildRules = (
			);
			dependencies = (
			);
			name = Sinzak;
			packageProductDependencies = (
				A210CD4E292F4D5300F86A08 /* SnapKit */,
				A210CD51292F4D6B00F86A08 /* Then */,
				A210CD54292F4D8800F86A08 /* RxCocoa */,
				A210CD56292F4D8800F86A08 /* RxSwift */,
				A210CD59292F4DDA00F86A08 /* ReactorKit */,
			);
			productName = Sinzak;
			productReference = A23415AE2927D776007DADE7 /* Sinzak.app */;
			productType = "com.apple.product-type.application";
		};
/* End PBXNativeTarget section */

/* Begin PBXProject section */
		A23415A62927D776007DADE7 /* Project object */ = {
			isa = PBXProject;
			attributes = {
				BuildIndependentTargetsInParallel = 1;
				LastSwiftUpdateCheck = 1340;
				LastUpgradeCheck = 1340;
				TargetAttributes = {
					A23415AD2927D776007DADE7 = {
						CreatedOnToolsVersion = 13.4.1;
					};
				};
			};
			buildConfigurationList = A23415A92927D776007DADE7 /* Build configuration list for PBXProject "Sinzak" */;
			compatibilityVersion = "Xcode 13.0";
			developmentRegion = en;
			hasScannedForEncodings = 0;
			knownRegions = (
				en,
				Base,
			);
			mainGroup = A23415A52927D776007DADE7;
			packageReferences = (
				A210CD4D292F4D5300F86A08 /* XCRemoteSwiftPackageReference "SnapKit" */,
				A210CD50292F4D6B00F86A08 /* XCRemoteSwiftPackageReference "Then" */,
				A210CD53292F4D8800F86A08 /* XCRemoteSwiftPackageReference "RxSwift" */,
				A210CD58292F4DDA00F86A08 /* XCRemoteSwiftPackageReference "ReactorKit" */,
			);
			productRefGroup = A23415AF2927D776007DADE7 /* Products */;
			projectDirPath = "";
			projectRoot = "";
			targets = (
				A23415AD2927D776007DADE7 /* Sinzak */,
			);
		};
/* End PBXProject section */

/* Begin PBXResourcesBuildPhase section */
		A23415AC2927D776007DADE7 /* Resources */ = {
			isa = PBXResourcesBuildPhase;
			buildActionMask = 2147483647;
			files = (
				A20CBD58294786550012FF32 /* SpoqaHanSansNeo-Medium.ttf in Resources */,
				A20CBD59294786550012FF32 /* SpoqaHanSansNeo-Regular.ttf in Resources */,
				A2806121292F50FA005AE0B3 /* .swiftlint.yml in Resources */,
				A23415C62927D7A9007DADE7 /* .gitignore in Resources */,
				A20CBD5A294786550012FF32 /* SpoqaHanSansNeo-Bold.ttf in Resources */,
				A23415BE2927D778007DADE7 /* LaunchScreen.storyboard in Resources */,
				A23415BB2927D778007DADE7 /* Assets.xcassets in Resources */,
				A23415B92927D776007DADE7 /* Main.storyboard in Resources */,
			);
			runOnlyForDeploymentPostprocessing = 0;
		};
/* End PBXResourcesBuildPhase section */

/* Begin PBXShellScriptBuildPhase section */
		63AF460DB6AD4937BE18FE0B /* [CP] Check Pods Manifest.lock */ = {
			isa = PBXShellScriptBuildPhase;
			buildActionMask = 2147483647;
			files = (
			);
			inputFileListPaths = (
			);
			inputPaths = (
				"${PODS_PODFILE_DIR_PATH}/Podfile.lock",
				"${PODS_ROOT}/Manifest.lock",
			);
			name = "[CP] Check Pods Manifest.lock";
			outputFileListPaths = (
			);
			outputPaths = (
				"$(DERIVED_FILE_DIR)/Pods-Sinzak-checkManifestLockResult.txt",
			);
			runOnlyForDeploymentPostprocessing = 0;
			shellPath = /bin/sh;
			shellScript = "diff \"${PODS_PODFILE_DIR_PATH}/Podfile.lock\" \"${PODS_ROOT}/Manifest.lock\" > /dev/null\nif [ $? != 0 ] ; then\n    # print error to STDERR\n    echo \"error: The sandbox is not in sync with the Podfile.lock. Run 'pod install' or update your CocoaPods installation.\" >&2\n    exit 1\nfi\n# This output is used by Xcode 'outputs' to avoid re-running this script phase.\necho \"SUCCESS\" > \"${SCRIPT_OUTPUT_FILE_0}\"\n";
			showEnvVarsInLog = 0;
		};
		A280611F292F4F42005AE0B3 /* ShellScript */ = {
			isa = PBXShellScriptBuildPhase;
			buildActionMask = 2147483647;
			files = (
			);
			inputFileListPaths = (
			);
			inputPaths = (
			);
			outputFileListPaths = (
			);
			outputPaths = (
			);
			runOnlyForDeploymentPostprocessing = 0;
			shellPath = /bin/sh;
			shellScript = "${PODS_ROOT}/SwiftLint/swiftlint\n";
		};
/* End PBXShellScriptBuildPhase section */

/* Begin PBXSourcesBuildPhase section */
		A23415AA2927D776007DADE7 /* Sources */ = {
			isa = PBXSourcesBuildPhase;
			buildActionMask = 2147483647;
			files = (
				A2806129292F585E005AE0B3 /* setColor.swift in Sources */,
				A23415B62927D776007DADE7 /* ViewController.swift in Sources */,
				A23415B22927D776007DADE7 /* AppDelegate.swift in Sources */,
				A23415B42927D776007DADE7 /* SceneDelegate.swift in Sources */,
			);
			runOnlyForDeploymentPostprocessing = 0;
		};
/* End PBXSourcesBuildPhase section */

/* Begin PBXVariantGroup section */
		A23415B72927D776007DADE7 /* Main.storyboard */ = {
			isa = PBXVariantGroup;
			children = (
				A23415B82927D776007DADE7 /* Base */,
			);
			name = Main.storyboard;
			sourceTree = "<group>";
		};
		A23415BC2927D778007DADE7 /* LaunchScreen.storyboard */ = {
			isa = PBXVariantGroup;
			children = (
				A23415BD2927D778007DADE7 /* Base */,
			);
			name = LaunchScreen.storyboard;
			sourceTree = "<group>";
		};
/* End PBXVariantGroup section */

/* Begin XCBuildConfiguration section */
		A23415C02927D778007DADE7 /* Debug */ = {
			isa = XCBuildConfiguration;
			buildSettings = {
				ALWAYS_SEARCH_USER_PATHS = NO;
				CLANG_ANALYZER_NONNULL = YES;
				CLANG_ANALYZER_NUMBER_OBJECT_CONVERSION = YES_AGGRESSIVE;
				CLANG_CXX_LANGUAGE_STANDARD = "gnu++17";
				CLANG_ENABLE_MODULES = YES;
				CLANG_ENABLE_OBJC_ARC = YES;
				CLANG_ENABLE_OBJC_WEAK = YES;
				CLANG_WARN_BLOCK_CAPTURE_AUTORELEASING = YES;
				CLANG_WARN_BOOL_CONVERSION = YES;
				CLANG_WARN_COMMA = YES;
				CLANG_WARN_CONSTANT_CONVERSION = YES;
				CLANG_WARN_DEPRECATED_OBJC_IMPLEMENTATIONS = YES;
				CLANG_WARN_DIRECT_OBJC_ISA_USAGE = YES_ERROR;
				CLANG_WARN_DOCUMENTATION_COMMENTS = YES;
				CLANG_WARN_EMPTY_BODY = YES;
				CLANG_WARN_ENUM_CONVERSION = YES;
				CLANG_WARN_INFINITE_RECURSION = YES;
				CLANG_WARN_INT_CONVERSION = YES;
				CLANG_WARN_NON_LITERAL_NULL_CONVERSION = YES;
				CLANG_WARN_OBJC_IMPLICIT_RETAIN_SELF = YES;
				CLANG_WARN_OBJC_LITERAL_CONVERSION = YES;
				CLANG_WARN_OBJC_ROOT_CLASS = YES_ERROR;
				CLANG_WARN_QUOTED_INCLUDE_IN_FRAMEWORK_HEADER = YES;
				CLANG_WARN_RANGE_LOOP_ANALYSIS = YES;
				CLANG_WARN_STRICT_PROTOTYPES = YES;
				CLANG_WARN_SUSPICIOUS_MOVE = YES;
				CLANG_WARN_UNGUARDED_AVAILABILITY = YES_AGGRESSIVE;
				CLANG_WARN_UNREACHABLE_CODE = YES;
				CLANG_WARN__DUPLICATE_METHOD_MATCH = YES;
				COPY_PHASE_STRIP = NO;
				DEBUG_INFORMATION_FORMAT = dwarf;
				ENABLE_STRICT_OBJC_MSGSEND = YES;
				ENABLE_TESTABILITY = YES;
				GCC_C_LANGUAGE_STANDARD = gnu11;
				GCC_DYNAMIC_NO_PIC = NO;
				GCC_NO_COMMON_BLOCKS = YES;
				GCC_OPTIMIZATION_LEVEL = 0;
				GCC_PREPROCESSOR_DEFINITIONS = (
					"DEBUG=1",
					"$(inherited)",
				);
				GCC_WARN_64_TO_32_BIT_CONVERSION = YES;
				GCC_WARN_ABOUT_RETURN_TYPE = YES_ERROR;
				GCC_WARN_UNDECLARED_SELECTOR = YES;
				GCC_WARN_UNINITIALIZED_AUTOS = YES_AGGRESSIVE;
				GCC_WARN_UNUSED_FUNCTION = YES;
				GCC_WARN_UNUSED_VARIABLE = YES;
				IPHONEOS_DEPLOYMENT_TARGET = 15.5;
				MTL_ENABLE_DEBUG_INFO = INCLUDE_SOURCE;
				MTL_FAST_MATH = YES;
				ONLY_ACTIVE_ARCH = YES;
				SDKROOT = iphoneos;
				SWIFT_ACTIVE_COMPILATION_CONDITIONS = DEBUG;
				SWIFT_OPTIMIZATION_LEVEL = "-Onone";
			};
			name = Debug;
		};
		A23415C12927D778007DADE7 /* Release */ = {
			isa = XCBuildConfiguration;
			buildSettings = {
				ALWAYS_SEARCH_USER_PATHS = NO;
				CLANG_ANALYZER_NONNULL = YES;
				CLANG_ANALYZER_NUMBER_OBJECT_CONVERSION = YES_AGGRESSIVE;
				CLANG_CXX_LANGUAGE_STANDARD = "gnu++17";
				CLANG_ENABLE_MODULES = YES;
				CLANG_ENABLE_OBJC_ARC = YES;
				CLANG_ENABLE_OBJC_WEAK = YES;
				CLANG_WARN_BLOCK_CAPTURE_AUTORELEASING = YES;
				CLANG_WARN_BOOL_CONVERSION = YES;
				CLANG_WARN_COMMA = YES;
				CLANG_WARN_CONSTANT_CONVERSION = YES;
				CLANG_WARN_DEPRECATED_OBJC_IMPLEMENTATIONS = YES;
				CLANG_WARN_DIRECT_OBJC_ISA_USAGE = YES_ERROR;
				CLANG_WARN_DOCUMENTATION_COMMENTS = YES;
				CLANG_WARN_EMPTY_BODY = YES;
				CLANG_WARN_ENUM_CONVERSION = YES;
				CLANG_WARN_INFINITE_RECURSION = YES;
				CLANG_WARN_INT_CONVERSION = YES;
				CLANG_WARN_NON_LITERAL_NULL_CONVERSION = YES;
				CLANG_WARN_OBJC_IMPLICIT_RETAIN_SELF = YES;
				CLANG_WARN_OBJC_LITERAL_CONVERSION = YES;
				CLANG_WARN_OBJC_ROOT_CLASS = YES_ERROR;
				CLANG_WARN_QUOTED_INCLUDE_IN_FRAMEWORK_HEADER = YES;
				CLANG_WARN_RANGE_LOOP_ANALYSIS = YES;
				CLANG_WARN_STRICT_PROTOTYPES = YES;
				CLANG_WARN_SUSPICIOUS_MOVE = YES;
				CLANG_WARN_UNGUARDED_AVAILABILITY = YES_AGGRESSIVE;
				CLANG_WARN_UNREACHABLE_CODE = YES;
				CLANG_WARN__DUPLICATE_METHOD_MATCH = YES;
				COPY_PHASE_STRIP = NO;
				DEBUG_INFORMATION_FORMAT = "dwarf-with-dsym";
				ENABLE_NS_ASSERTIONS = NO;
				ENABLE_STRICT_OBJC_MSGSEND = YES;
				GCC_C_LANGUAGE_STANDARD = gnu11;
				GCC_NO_COMMON_BLOCKS = YES;
				GCC_WARN_64_TO_32_BIT_CONVERSION = YES;
				GCC_WARN_ABOUT_RETURN_TYPE = YES_ERROR;
				GCC_WARN_UNDECLARED_SELECTOR = YES;
				GCC_WARN_UNINITIALIZED_AUTOS = YES_AGGRESSIVE;
				GCC_WARN_UNUSED_FUNCTION = YES;
				GCC_WARN_UNUSED_VARIABLE = YES;
				IPHONEOS_DEPLOYMENT_TARGET = 15.5;
				MTL_ENABLE_DEBUG_INFO = NO;
				MTL_FAST_MATH = YES;
				SDKROOT = iphoneos;
				SWIFT_COMPILATION_MODE = wholemodule;
				SWIFT_OPTIMIZATION_LEVEL = "-O";
				VALIDATE_PRODUCT = YES;
			};
			name = Release;
		};
		A23415C32927D778007DADE7 /* Debug */ = {
			isa = XCBuildConfiguration;
			baseConfigurationReference = 4C1051FDB08E63609D13B62C /* Pods-Sinzak.debug.xcconfig */;
			buildSettings = {
				ASSETCATALOG_COMPILER_APPICON_NAME = AppIcon;
				ASSETCATALOG_COMPILER_GLOBAL_ACCENT_COLOR_NAME = AccentColor;
				CODE_SIGN_STYLE = Automatic;
				CURRENT_PROJECT_VERSION = 1;
				DEVELOPMENT_TEAM = F7B353LPM3;
				GENERATE_INFOPLIST_FILE = YES;
				INFOPLIST_FILE = Sinzak/Info.plist;
				INFOPLIST_KEY_UIApplicationSupportsIndirectInputEvents = YES;
				INFOPLIST_KEY_UILaunchStoryboardName = LaunchScreen;
				INFOPLIST_KEY_UIMainStoryboardFile = Main;
				INFOPLIST_KEY_UISupportedInterfaceOrientations = UIInterfaceOrientationPortrait;
				INFOPLIST_KEY_UISupportedInterfaceOrientations_iPad = "UIInterfaceOrientationPortrait UIInterfaceOrientationPortraitUpsideDown UIInterfaceOrientationLandscapeLeft UIInterfaceOrientationLandscapeRight";
				INFOPLIST_KEY_UISupportedInterfaceOrientations_iPhone = "UIInterfaceOrientationPortrait UIInterfaceOrientationLandscapeLeft UIInterfaceOrientationLandscapeRight";
				IPHONEOS_DEPLOYMENT_TARGET = 15.0;
				LD_RUNPATH_SEARCH_PATHS = (
					"$(inherited)",
					"@executable_path/Frameworks",
				);
				MARKETING_VERSION = 1.0;
				PRODUCT_BUNDLE_IDENTIFIER = com.kimdee.Sinzak;
				PRODUCT_NAME = "$(TARGET_NAME)";
				SWIFT_EMIT_LOC_STRINGS = YES;
				SWIFT_VERSION = 5.0;
				TARGETED_DEVICE_FAMILY = 1;
			};
			name = Debug;
		};
		A23415C42927D778007DADE7 /* Release */ = {
			isa = XCBuildConfiguration;
			baseConfigurationReference = 3DB488BBBBBFF96BBEF7A346 /* Pods-Sinzak.release.xcconfig */;
			buildSettings = {
				ASSETCATALOG_COMPILER_APPICON_NAME = AppIcon;
				ASSETCATALOG_COMPILER_GLOBAL_ACCENT_COLOR_NAME = AccentColor;
				CODE_SIGN_STYLE = Automatic;
				CURRENT_PROJECT_VERSION = 1;
				DEVELOPMENT_TEAM = F7B353LPM3;
				GENERATE_INFOPLIST_FILE = YES;
				INFOPLIST_FILE = Sinzak/Info.plist;
				INFOPLIST_KEY_UIApplicationSupportsIndirectInputEvents = YES;
				INFOPLIST_KEY_UILaunchStoryboardName = LaunchScreen;
				INFOPLIST_KEY_UIMainStoryboardFile = Main;
				INFOPLIST_KEY_UISupportedInterfaceOrientations = UIInterfaceOrientationPortrait;
				INFOPLIST_KEY_UISupportedInterfaceOrientations_iPad = "UIInterfaceOrientationPortrait UIInterfaceOrientationPortraitUpsideDown UIInterfaceOrientationLandscapeLeft UIInterfaceOrientationLandscapeRight";
				INFOPLIST_KEY_UISupportedInterfaceOrientations_iPhone = "UIInterfaceOrientationPortrait UIInterfaceOrientationLandscapeLeft UIInterfaceOrientationLandscapeRight";
				IPHONEOS_DEPLOYMENT_TARGET = 15.0;
				LD_RUNPATH_SEARCH_PATHS = (
					"$(inherited)",
					"@executable_path/Frameworks",
				);
				MARKETING_VERSION = 1.0;
				PRODUCT_BUNDLE_IDENTIFIER = com.kimdee.Sinzak;
				PRODUCT_NAME = "$(TARGET_NAME)";
				SWIFT_EMIT_LOC_STRINGS = YES;
				SWIFT_VERSION = 5.0;
				TARGETED_DEVICE_FAMILY = 1;
			};
			name = Release;
		};
/* End XCBuildConfiguration section */

/* Begin XCConfigurationList section */
		A23415A92927D776007DADE7 /* Build configuration list for PBXProject "Sinzak" */ = {
			isa = XCConfigurationList;
			buildConfigurations = (
				A23415C02927D778007DADE7 /* Debug */,
				A23415C12927D778007DADE7 /* Release */,
			);
			defaultConfigurationIsVisible = 0;
			defaultConfigurationName = Release;
		};
		A23415C22927D778007DADE7 /* Build configuration list for PBXNativeTarget "Sinzak" */ = {
			isa = XCConfigurationList;
			buildConfigurations = (
				A23415C32927D778007DADE7 /* Debug */,
				A23415C42927D778007DADE7 /* Release */,
			);
			defaultConfigurationIsVisible = 0;
			defaultConfigurationName = Release;
		};
/* End XCConfigurationList section */

/* Begin XCRemoteSwiftPackageReference section */
		A210CD4D292F4D5300F86A08 /* XCRemoteSwiftPackageReference "SnapKit" */ = {
			isa = XCRemoteSwiftPackageReference;
			repositoryURL = "https://github.com/SnapKit/SnapKit";
			requirement = {
				kind = upToNextMinorVersion;
				minimumVersion = 5.6.0;
			};
		};
		A210CD50292F4D6B00F86A08 /* XCRemoteSwiftPackageReference "Then" */ = {
			isa = XCRemoteSwiftPackageReference;
			repositoryURL = "https://github.com/devxoul/Then";
			requirement = {
				kind = upToNextMinorVersion;
				minimumVersion = 3.0.0;
			};
		};
		A210CD53292F4D8800F86A08 /* XCRemoteSwiftPackageReference "RxSwift" */ = {
			isa = XCRemoteSwiftPackageReference;
			repositoryURL = "https://github.com/ReactiveX/RxSwift";
			requirement = {
				kind = upToNextMinorVersion;
				minimumVersion = 6.5.0;
			};
		};
		A210CD58292F4DDA00F86A08 /* XCRemoteSwiftPackageReference "ReactorKit" */ = {
			isa = XCRemoteSwiftPackageReference;
			repositoryURL = "https://github.com/ReactorKit/ReactorKit";
			requirement = {
				kind = upToNextMinorVersion;
				minimumVersion = 3.2.0;
			};
		};
/* End XCRemoteSwiftPackageReference section */

/* Begin XCSwiftPackageProductDependency section */
		A210CD4E292F4D5300F86A08 /* SnapKit */ = {
			isa = XCSwiftPackageProductDependency;
			package = A210CD4D292F4D5300F86A08 /* XCRemoteSwiftPackageReference "SnapKit" */;
			productName = SnapKit;
		};
		A210CD51292F4D6B00F86A08 /* Then */ = {
			isa = XCSwiftPackageProductDependency;
			package = A210CD50292F4D6B00F86A08 /* XCRemoteSwiftPackageReference "Then" */;
			productName = Then;
		};
		A210CD54292F4D8800F86A08 /* RxCocoa */ = {
			isa = XCSwiftPackageProductDependency;
			package = A210CD53292F4D8800F86A08 /* XCRemoteSwiftPackageReference "RxSwift" */;
			productName = RxCocoa;
		};
		A210CD56292F4D8800F86A08 /* RxSwift */ = {
			isa = XCSwiftPackageProductDependency;
			package = A210CD53292F4D8800F86A08 /* XCRemoteSwiftPackageReference "RxSwift" */;
			productName = RxSwift;
		};
		A210CD59292F4DDA00F86A08 /* ReactorKit */ = {
			isa = XCSwiftPackageProductDependency;
			package = A210CD58292F4DDA00F86A08 /* XCRemoteSwiftPackageReference "ReactorKit" */;
			productName = ReactorKit;
		};
/* End XCSwiftPackageProductDependency section */
	};
	rootObject = A23415A62927D776007DADE7 /* Project object */;
}
