// !$*UTF8*$!
{
	archiveVersion = 1;
	classes = {
	};
	objectVersion = 55;
	objects = {

/* Begin PBXBuildFile section */
		70220DD51C5772784980F559 /* Pods_Sinzak.framework in Frameworks */ = {isa = PBXBuildFile; fileRef = 2700FF81BC95B6E59A53DC75 /* Pods_Sinzak.framework */; };
		A20CBD58294786550012FF32 /* SpoqaHanSansNeo-Medium.ttf in Resources */ = {isa = PBXBuildFile; fileRef = A20CBD55294786530012FF32 /* SpoqaHanSansNeo-Medium.ttf */; };
		A20CBD59294786550012FF32 /* SpoqaHanSansNeo-Regular.ttf in Resources */ = {isa = PBXBuildFile; fileRef = A20CBD56294786540012FF32 /* SpoqaHanSansNeo-Regular.ttf */; };
		A20CBD5A294786550012FF32 /* SpoqaHanSansNeo-Bold.ttf in Resources */ = {isa = PBXBuildFile; fileRef = A20CBD57294786550012FF32 /* SpoqaHanSansNeo-Bold.ttf */; };
		A20CBD5C294787C10012FF32 /* setFont.swift in Sources */ = {isa = PBXBuildFile; fileRef = A20CBD5B294787C10012FF32 /* setFont.swift */; };
		A20CBD6529478B130012FF32 /* I18NStrings.swift in Sources */ = {isa = PBXBuildFile; fileRef = A20CBD6429478B130012FF32 /* I18NStrings.swift */; };
		A20CBD6629478B4A0012FF32 /* InfoPlist.strings in Resources */ = {isa = PBXBuildFile; fileRef = A20CBD6829478B4A0012FF32 /* InfoPlist.strings */; };
		A20CBD6A29478B540012FF32 /* Localizable.strings in Resources */ = {isa = PBXBuildFile; fileRef = A20CBD6C29478B540012FF32 /* Localizable.strings */; };
		A20CBD7029478BCF0012FF32 /* String+Extension.swift in Sources */ = {isa = PBXBuildFile; fileRef = A20CBD6F29478BCF0012FF32 /* String+Extension.swift */; };
		A2100F6829865B2500C85ADF /* MarketHeader.swift in Sources */ = {isa = PBXBuildFile; fileRef = A2100F6729865B2500C85ADF /* MarketHeader.swift */; };
		A2100F6A29865E8800C85ADF /* AlignOption.swift in Sources */ = {isa = PBXBuildFile; fileRef = A2100F6929865E8800C85ADF /* AlignOption.swift */; };
		A2100F712986937A00C85ADF /* WorksView.swift in Sources */ = {isa = PBXBuildFile; fileRef = A2100F702986937A00C85ADF /* WorksView.swift */; };
		A2100F742986939A00C85ADF /* WorksVC.swift in Sources */ = {isa = PBXBuildFile; fileRef = A2100F732986939A00C85ADF /* WorksVC.swift */; };
		A2100F77298695A100C85ADF /* WorksCategory.swift in Sources */ = {isa = PBXBuildFile; fileRef = A2100F76298695A100C85ADF /* WorksCategory.swift */; };
		A2100F79298696D800C85ADF /* WorksHeader.swift in Sources */ = {isa = PBXBuildFile; fileRef = A2100F78298696D800C85ADF /* WorksHeader.swift */; };
		A210CD4F292F4D5300F86A08 /* SnapKit in Frameworks */ = {isa = PBXBuildFile; productRef = A210CD4E292F4D5300F86A08 /* SnapKit */; };
		A210CD52292F4D6B00F86A08 /* Then in Frameworks */ = {isa = PBXBuildFile; productRef = A210CD51292F4D6B00F86A08 /* Then */; };
		A210CD55292F4D8800F86A08 /* RxCocoa in Frameworks */ = {isa = PBXBuildFile; productRef = A210CD54292F4D8800F86A08 /* RxCocoa */; };
		A210CD57292F4D8800F86A08 /* RxSwift in Frameworks */ = {isa = PBXBuildFile; productRef = A210CD56292F4D8800F86A08 /* RxSwift */; };
		A210CD5A292F4DDA00F86A08 /* ReactorKit in Frameworks */ = {isa = PBXBuildFile; productRef = A210CD59292F4DDA00F86A08 /* ReactorKit */; };
		A216BD37297FA384008964BC /* HomeDetailView.swift in Sources */ = {isa = PBXBuildFile; fileRef = A216BD36297FA384008964BC /* HomeDetailView.swift */; };
		A216BD3B297FA3B4008964BC /* HomeDetailVC.swift in Sources */ = {isa = PBXBuildFile; fileRef = A216BD3A297FA3B4008964BC /* HomeDetailVC.swift */; };
		A216BD3D297FA426008964BC /* ArtFullWidthCVC.swift in Sources */ = {isa = PBXBuildFile; fileRef = A216BD3C297FA426008964BC /* ArtFullWidthCVC.swift */; };
		A216BD41297FAFCA008964BC /* NotificationVC.swift in Sources */ = {isa = PBXBuildFile; fileRef = A216BD40297FAFCA008964BC /* NotificationVC.swift */; };
		A216BD45297FB289008964BC /* NotificationCVC.swift in Sources */ = {isa = PBXBuildFile; fileRef = A216BD44297FB289008964BC /* NotificationCVC.swift */; };
		A216BD48297FB6B5008964BC /* Tabman in Frameworks */ = {isa = PBXBuildFile; productRef = A216BD47297FB6B5008964BC /* Tabman */; };
		A216BD4A297FCBC1008964BC /* ActivityNotiVC.swift in Sources */ = {isa = PBXBuildFile; fileRef = A216BD49297FCBC1008964BC /* ActivityNotiVC.swift */; };
		A216BD4C297FCBD1008964BC /* FollowNotiVC.swift in Sources */ = {isa = PBXBuildFile; fileRef = A216BD4B297FCBD1008964BC /* FollowNotiVC.swift */; };
		A216BD4E297FCC02008964BC /* NotiView.swift in Sources */ = {isa = PBXBuildFile; fileRef = A216BD4D297FCC02008964BC /* NotiView.swift */; };
		A216BD53297FD60E008964BC /* ChatListView.swift in Sources */ = {isa = PBXBuildFile; fileRef = A216BD52297FD60E008964BC /* ChatListView.swift */; };
		A216BD56297FD61D008964BC /* ChatListVC.swift in Sources */ = {isa = PBXBuildFile; fileRef = A216BD55297FD61D008964BC /* ChatListVC.swift */; };
		A216BD58297FD850008964BC /* ChatListCVC.swift in Sources */ = {isa = PBXBuildFile; fileRef = A216BD57297FD850008964BC /* ChatListCVC.swift */; };
		A216BD5C297FE020008964BC /* ChatView.swift in Sources */ = {isa = PBXBuildFile; fileRef = A216BD5B297FE020008964BC /* ChatView.swift */; };
		A216BD5F297FE02D008964BC /* ChatVC.swift in Sources */ = {isa = PBXBuildFile; fileRef = A216BD5E297FE02D008964BC /* ChatVC.swift */; };
		A222F07C29837AFF007806D0 /* CategoryTagCVC.swift in Sources */ = {isa = PBXBuildFile; fileRef = A222F07B29837AFF007806D0 /* CategoryTagCVC.swift */; };
		A222F07F298382DF007806D0 /* Category.swift in Sources */ = {isa = PBXBuildFile; fileRef = A222F07E298382DF007806D0 /* Category.swift */; };
		A2265372296D7E5600605697 /* HomeView.swift in Sources */ = {isa = PBXBuildFile; fileRef = A2265371296D7E5600605697 /* HomeView.swift */; };
		A2265374296D7E5E00605697 /* HomeVC.swift in Sources */ = {isa = PBXBuildFile; fileRef = A2265373296D7E5E00605697 /* HomeVC.swift */; };
		A2265379296D80DC00605697 /* TabBarVC.swift in Sources */ = {isa = PBXBuildFile; fileRef = A2265378296D80DC00605697 /* TabBarVC.swift */; };
		A226537B29705A4400605697 /* ArtCVC.swift in Sources */ = {isa = PBXBuildFile; fileRef = A226537A29705A4400605697 /* ArtCVC.swift */; };
		A226537D29705F8100605697 /* BannerCVC.swift in Sources */ = {isa = PBXBuildFile; fileRef = A226537C29705F8100605697 /* BannerCVC.swift */; };
		A226537F297062A000605697 /* HomeHeader.swift in Sources */ = {isa = PBXBuildFile; fileRef = A226537E297062A000605697 /* HomeHeader.swift */; };
		A2289D4B2986A03E0017969C /* ViewModelType.swift in Sources */ = {isa = PBXBuildFile; fileRef = A2289D4A2986A03E0017969C /* ViewModelType.swift */; };
		A2289D4E2986A3910017969C /* Kingfisher in Frameworks */ = {isa = PBXBuildFile; productRef = A2289D4D2986A3910017969C /* Kingfisher */; };
		A22BE590296AEA4F00D9815C /* AuthManager.swift in Sources */ = {isa = PBXBuildFile; fileRef = A22BE58F296AEA4F00D9815C /* AuthManager.swift */; };
		A22BE593296AEB0300D9815C /* Moya in Frameworks */ = {isa = PBXBuildFile; productRef = A22BE592296AEB0300D9815C /* Moya */; };
		A22BE595296AEB4300D9815C /* AuthAPI.swift in Sources */ = {isa = PBXBuildFile; fileRef = A22BE594296AEB4300D9815C /* AuthAPI.swift */; };
		A22BE597296AEC2A00D9815C /* Endpoint.swift in Sources */ = {isa = PBXBuildFile; fileRef = A22BE596296AEC2A00D9815C /* Endpoint.swift */; };
		A22BE5A3296B001B00D9815C /* KakaoSDK in Frameworks */ = {isa = PBXBuildFile; productRef = A22BE5A2296B001B00D9815C /* KakaoSDK */; };
		A22BE5A5296B001B00D9815C /* KakaoSDKAuth in Frameworks */ = {isa = PBXBuildFile; productRef = A22BE5A4296B001B00D9815C /* KakaoSDKAuth */; };
		A22BE5A7296B001B00D9815C /* KakaoSDKCommon in Frameworks */ = {isa = PBXBuildFile; productRef = A22BE5A6296B001B00D9815C /* KakaoSDKCommon */; };
		A22BE5A9296B001B00D9815C /* KakaoSDKUser in Frameworks */ = {isa = PBXBuildFile; productRef = A22BE5A8296B001B00D9815C /* KakaoSDKUser */; };
		A23415B22927D776007DADE7 /* AppDelegate.swift in Sources */ = {isa = PBXBuildFile; fileRef = A23415B12927D776007DADE7 /* AppDelegate.swift */; };
		A23415B42927D776007DADE7 /* SceneDelegate.swift in Sources */ = {isa = PBXBuildFile; fileRef = A23415B32927D776007DADE7 /* SceneDelegate.swift */; };
		A23415B62927D776007DADE7 /* ViewController.swift in Sources */ = {isa = PBXBuildFile; fileRef = A23415B52927D776007DADE7 /* ViewController.swift */; };
		A23415B92927D776007DADE7 /* Main.storyboard in Resources */ = {isa = PBXBuildFile; fileRef = A23415B72927D776007DADE7 /* Main.storyboard */; };
		A23415BB2927D778007DADE7 /* Assets.xcassets in Resources */ = {isa = PBXBuildFile; fileRef = A23415BA2927D778007DADE7 /* Assets.xcassets */; };
		A23415BE2927D778007DADE7 /* LaunchScreen.storyboard in Resources */ = {isa = PBXBuildFile; fileRef = A23415BC2927D778007DADE7 /* LaunchScreen.storyboard */; };
		A23415C62927D7A9007DADE7 /* .gitignore in Resources */ = {isa = PBXBuildFile; fileRef = A23415C52927D7A9007DADE7 /* .gitignore */; };
		A257C36B297F99B100266E74 /* SeeMoreCVC.swift in Sources */ = {isa = PBXBuildFile; fileRef = A257C36A297F99B100266E74 /* SeeMoreCVC.swift */; };
		A2646BEB2991FB210004F4CE /* HomeAPIProviderTests.swift in Sources */ = {isa = PBXBuildFile; fileRef = A2646BEA2991FB210004F4CE /* HomeAPIProviderTests.swift */; };
		A2646BED299204B40004F4CE /* User.swift in Sources */ = {isa = PBXBuildFile; fileRef = A2646BEC299204B30004F4CE /* User.swift */; };
		A26F0AAA2948BE05001CB2AA /* ConciergeView.swift in Sources */ = {isa = PBXBuildFile; fileRef = A26F0AA92948BE05001CB2AA /* ConciergeView.swift */; };
		A26F0AAC2948BE23001CB2AA /* ConciergeVC.swift in Sources */ = {isa = PBXBuildFile; fileRef = A26F0AAB2948BE23001CB2AA /* ConciergeVC.swift */; };
		A26F0AB12948C818001CB2AA /* SZView.swift in Sources */ = {isa = PBXBuildFile; fileRef = A26F0AB02948C818001CB2AA /* SZView.swift */; };
		A26F0AB32948C843001CB2AA /* SZVC.swift in Sources */ = {isa = PBXBuildFile; fileRef = A26F0AB22948C843001CB2AA /* SZVC.swift */; };
		A2806121292F50FA005AE0B3 /* .swiftlint.yml in Resources */ = {isa = PBXBuildFile; fileRef = A2806120292F50FA005AE0B3 /* .swiftlint.yml */; };
		A2806129292F585E005AE0B3 /* setColor.swift in Sources */ = {isa = PBXBuildFile; fileRef = A2806128292F585E005AE0B3 /* setColor.swift */; };
		A2947A2A298017A200EE2A96 /* MyChatBubbleCVC.swift in Sources */ = {isa = PBXBuildFile; fileRef = A2947A29298017A200EE2A96 /* MyChatBubbleCVC.swift */; };
		A2947A2C298017B100EE2A96 /* OtherChatBubbleCVC.swift in Sources */ = {isa = PBXBuildFile; fileRef = A2947A2B298017B100EE2A96 /* OtherChatBubbleCVC.swift */; };
		A29CE9D72997EBBE00EB89B4 /* KeychainItem.swift in Sources */ = {isa = PBXBuildFile; fileRef = A29CE9D62997EBBE00EB89B4 /* KeychainItem.swift */; };
		A29CE9DA2998DA2700EB89B4 /* GoogleService-Info.plist in Resources */ = {isa = PBXBuildFile; fileRef = A29CE9D92998DA2700EB89B4 /* GoogleService-Info.plist */; };
		A29CE9DD2998DD2800EB89B4 /* FirebaseAnalyticsWithoutAdIdSupport in Frameworks */ = {isa = PBXBuildFile; productRef = A29CE9DC2998DD2800EB89B4 /* FirebaseAnalyticsWithoutAdIdSupport */; };
		A29CE9DF2998DD2800EB89B4 /* FirebaseCrashlytics in Frameworks */ = {isa = PBXBuildFile; productRef = A29CE9DE2998DD2800EB89B4 /* FirebaseCrashlytics */; };
		A29CE9E12998DD2800EB89B4 /* FirebaseMessaging in Frameworks */ = {isa = PBXBuildFile; productRef = A29CE9E02998DD2800EB89B4 /* FirebaseMessaging */; };
		A2AA89CB2967B13C004A63C1 /* Genre.swift in Sources */ = {isa = PBXBuildFile; fileRef = A2AA89CA2967B13C004A63C1 /* Genre.swift */; };
		A2AA89CE2967C33A004A63C1 /* InterestedGenreCVC.swift in Sources */ = {isa = PBXBuildFile; fileRef = A2AA89CD2967C33A004A63C1 /* InterestedGenreCVC.swift */; };
		A2AA89D02967CDBB004A63C1 /* InterestedGenreHeader.swift in Sources */ = {isa = PBXBuildFile; fileRef = A2AA89CF2967CDBB004A63C1 /* InterestedGenreHeader.swift */; };
		A2B0F60E2980231A00EC5C78 /* MarketView.swift in Sources */ = {isa = PBXBuildFile; fileRef = A2B0F60D2980231A00EC5C78 /* MarketView.swift */; };
		A2B0F6112980233900EC5C78 /* MarketVC.swift in Sources */ = {isa = PBXBuildFile; fileRef = A2B0F6102980233900EC5C78 /* MarketVC.swift */; };
		A2B385602959A4BB00E5EB7C /* LoginView.swift in Sources */ = {isa = PBXBuildFile; fileRef = A2B3855F2959A4BB00E5EB7C /* LoginView.swift */; };
		A2B385622959A4C500E5EB7C /* LoginVC.swift in Sources */ = {isa = PBXBuildFile; fileRef = A2B385612959A4C500E5EB7C /* LoginVC.swift */; };
		A2B385642959A8F000E5EB7C /* UIView+UIStackView+Extension.swift in Sources */ = {isa = PBXBuildFile; fileRef = A2B385632959A8F000E5EB7C /* UIView+UIStackView+Extension.swift */; };
		A2B3856C295D888800E5EB7C /* AgreementView.swift in Sources */ = {isa = PBXBuildFile; fileRef = A2B3856B295D888800E5EB7C /* AgreementView.swift */; };
		A2B3856E295D889400E5EB7C /* AgreementVC.swift in Sources */ = {isa = PBXBuildFile; fileRef = A2B3856D295D889400E5EB7C /* AgreementVC.swift */; };
		A2B38570295D88B600E5EB7C /* SignupNameView.swift in Sources */ = {isa = PBXBuildFile; fileRef = A2B3856F295D88B600E5EB7C /* SignupNameView.swift */; };
		A2B38572295D88C000E5EB7C /* SignupNameVC.swift in Sources */ = {isa = PBXBuildFile; fileRef = A2B38571295D88C000E5EB7C /* SignupNameVC.swift */; };
		A2B38574295D88D400E5EB7C /* SignupGenreView.swift in Sources */ = {isa = PBXBuildFile; fileRef = A2B38573295D88D400E5EB7C /* SignupGenreView.swift */; };
		A2B38576295D88DC00E5EB7C /* SignupGenreVC.swift in Sources */ = {isa = PBXBuildFile; fileRef = A2B38575295D88DC00E5EB7C /* SignupGenreVC.swift */; };
		A2B3857A295D893300E5EB7C /* UniversityInfoView.swift in Sources */ = {isa = PBXBuildFile; fileRef = A2B38579295D893300E5EB7C /* UniversityInfoView.swift */; };
		A2B3857C295D893A00E5EB7C /* UniversityInfoVC.swift in Sources */ = {isa = PBXBuildFile; fileRef = A2B3857B295D893A00E5EB7C /* UniversityInfoVC.swift */; };
		A2B3857E295D895000E5EB7C /* SchoolEmailAuthView.swift in Sources */ = {isa = PBXBuildFile; fileRef = A2B3857D295D895000E5EB7C /* SchoolEmailAuthView.swift */; };
		A2B38580295D895800E5EB7C /* SchoolEmailAuthVC.swift in Sources */ = {isa = PBXBuildFile; fileRef = A2B3857F295D895800E5EB7C /* SchoolEmailAuthVC.swift */; };
		A2B38582295ED7AA00E5EB7C /* SZTextField.swift in Sources */ = {isa = PBXBuildFile; fileRef = A2B38581295ED7AA00E5EB7C /* SZTextField.swift */; };
		A2F6EADE298773EB00DE754F /* BannerModel.swift in Sources */ = {isa = PBXBuildFile; fileRef = A2F6EADD298773EB00DE754F /* BannerModel.swift */; };
		A2F6EAE1298774FC00DE754F /* HomeViewModel.swift in Sources */ = {isa = PBXBuildFile; fileRef = A2F6EAE0298774FC00DE754F /* HomeViewModel.swift */; };
		A2F6EAE32987758C00DE754F /* HomeAPI.swift in Sources */ = {isa = PBXBuildFile; fileRef = A2F6EAE22987758C00DE754F /* HomeAPI.swift */; };
		A2F6EAE5298776F300DE754F /* HomeManager.swift in Sources */ = {isa = PBXBuildFile; fileRef = A2F6EAE4298776F300DE754F /* HomeManager.swift */; };
		A2F90537298968DA00AC588C /* SocketIO in Frameworks */ = {isa = PBXBuildFile; productRef = A2F90536298968DA00AC588C /* SocketIO */; };
		A2F9053C29896A5200AC588C /* SocketIOManager.swift in Sources */ = {isa = PBXBuildFile; fileRef = A2F9053B29896A5200AC588C /* SocketIOManager.swift */; };
/* End PBXBuildFile section */

/* Begin PBXContainerItemProxy section */
		A2F0784A298AB0A7004A2B3F /* PBXContainerItemProxy */ = {
			isa = PBXContainerItemProxy;
			containerPortal = A23415A62927D776007DADE7 /* Project object */;
			proxyType = 1;
			remoteGlobalIDString = A23415AD2927D776007DADE7;
			remoteInfo = Sinzak;
		};
/* End PBXContainerItemProxy section */

/* Begin PBXFileReference section */
		2700FF81BC95B6E59A53DC75 /* Pods_Sinzak.framework */ = {isa = PBXFileReference; explicitFileType = wrapper.framework; includeInIndex = 0; path = Pods_Sinzak.framework; sourceTree = BUILT_PRODUCTS_DIR; };
		3DB488BBBBBFF96BBEF7A346 /* Pods-Sinzak.release.xcconfig */ = {isa = PBXFileReference; includeInIndex = 1; lastKnownFileType = text.xcconfig; name = "Pods-Sinzak.release.xcconfig"; path = "Target Support Files/Pods-Sinzak/Pods-Sinzak.release.xcconfig"; sourceTree = "<group>"; };
		4C1051FDB08E63609D13B62C /* Pods-Sinzak.debug.xcconfig */ = {isa = PBXFileReference; includeInIndex = 1; lastKnownFileType = text.xcconfig; name = "Pods-Sinzak.debug.xcconfig"; path = "Target Support Files/Pods-Sinzak/Pods-Sinzak.debug.xcconfig"; sourceTree = "<group>"; };
		A20CBD55294786530012FF32 /* SpoqaHanSansNeo-Medium.ttf */ = {isa = PBXFileReference; lastKnownFileType = file; path = "SpoqaHanSansNeo-Medium.ttf"; sourceTree = "<group>"; };
		A20CBD56294786540012FF32 /* SpoqaHanSansNeo-Regular.ttf */ = {isa = PBXFileReference; lastKnownFileType = file; path = "SpoqaHanSansNeo-Regular.ttf"; sourceTree = "<group>"; };
		A20CBD57294786550012FF32 /* SpoqaHanSansNeo-Bold.ttf */ = {isa = PBXFileReference; lastKnownFileType = file; path = "SpoqaHanSansNeo-Bold.ttf"; sourceTree = "<group>"; };
		A20CBD5B294787C10012FF32 /* setFont.swift */ = {isa = PBXFileReference; lastKnownFileType = sourcecode.swift; path = setFont.swift; sourceTree = "<group>"; };
		A20CBD5D29478A800012FF32 /* ko */ = {isa = PBXFileReference; lastKnownFileType = text.plist.strings; name = ko; path = ko.lproj/LaunchScreen.strings; sourceTree = "<group>"; };
		A20CBD5E29478A800012FF32 /* ko */ = {isa = PBXFileReference; lastKnownFileType = text.plist.strings; name = ko; path = ko.lproj/Main.strings; sourceTree = "<group>"; };
		A20CBD6429478B130012FF32 /* I18NStrings.swift */ = {isa = PBXFileReference; lastKnownFileType = sourcecode.swift; path = I18NStrings.swift; sourceTree = "<group>"; };
		A20CBD6729478B4A0012FF32 /* ko */ = {isa = PBXFileReference; lastKnownFileType = text.plist.strings; name = ko; path = ko.lproj/InfoPlist.strings; sourceTree = "<group>"; };
		A20CBD6929478B4D0012FF32 /* en */ = {isa = PBXFileReference; lastKnownFileType = text.plist.strings; name = en; path = en.lproj/InfoPlist.strings; sourceTree = "<group>"; };
		A20CBD6B29478B540012FF32 /* ko */ = {isa = PBXFileReference; lastKnownFileType = text.plist.strings; name = ko; path = ko.lproj/Localizable.strings; sourceTree = "<group>"; };
		A20CBD6D29478B560012FF32 /* en */ = {isa = PBXFileReference; lastKnownFileType = text.plist.strings; name = en; path = en.lproj/Localizable.strings; sourceTree = "<group>"; };
		A20CBD6F29478BCF0012FF32 /* String+Extension.swift */ = {isa = PBXFileReference; lastKnownFileType = sourcecode.swift; path = "String+Extension.swift"; sourceTree = "<group>"; };
		A2100F6729865B2500C85ADF /* MarketHeader.swift */ = {isa = PBXFileReference; lastKnownFileType = sourcecode.swift; path = MarketHeader.swift; sourceTree = "<group>"; };
		A2100F6929865E8800C85ADF /* AlignOption.swift */ = {isa = PBXFileReference; lastKnownFileType = sourcecode.swift; path = AlignOption.swift; sourceTree = "<group>"; };
		A2100F702986937A00C85ADF /* WorksView.swift */ = {isa = PBXFileReference; lastKnownFileType = sourcecode.swift; path = WorksView.swift; sourceTree = "<group>"; };
		A2100F732986939A00C85ADF /* WorksVC.swift */ = {isa = PBXFileReference; lastKnownFileType = sourcecode.swift; path = WorksVC.swift; sourceTree = "<group>"; };
		A2100F76298695A100C85ADF /* WorksCategory.swift */ = {isa = PBXFileReference; lastKnownFileType = sourcecode.swift; path = WorksCategory.swift; sourceTree = "<group>"; };
		A2100F78298696D800C85ADF /* WorksHeader.swift */ = {isa = PBXFileReference; lastKnownFileType = sourcecode.swift; path = WorksHeader.swift; sourceTree = "<group>"; };
		A216BD36297FA384008964BC /* HomeDetailView.swift */ = {isa = PBXFileReference; lastKnownFileType = sourcecode.swift; path = HomeDetailView.swift; sourceTree = "<group>"; };
		A216BD3A297FA3B4008964BC /* HomeDetailVC.swift */ = {isa = PBXFileReference; lastKnownFileType = sourcecode.swift; path = HomeDetailVC.swift; sourceTree = "<group>"; };
		A216BD3C297FA426008964BC /* ArtFullWidthCVC.swift */ = {isa = PBXFileReference; lastKnownFileType = sourcecode.swift; path = ArtFullWidthCVC.swift; sourceTree = "<group>"; };
		A216BD40297FAFCA008964BC /* NotificationVC.swift */ = {isa = PBXFileReference; lastKnownFileType = sourcecode.swift; path = NotificationVC.swift; sourceTree = "<group>"; };
		A216BD44297FB289008964BC /* NotificationCVC.swift */ = {isa = PBXFileReference; lastKnownFileType = sourcecode.swift; path = NotificationCVC.swift; sourceTree = "<group>"; };
		A216BD49297FCBC1008964BC /* ActivityNotiVC.swift */ = {isa = PBXFileReference; lastKnownFileType = sourcecode.swift; path = ActivityNotiVC.swift; sourceTree = "<group>"; };
		A216BD4B297FCBD1008964BC /* FollowNotiVC.swift */ = {isa = PBXFileReference; lastKnownFileType = sourcecode.swift; path = FollowNotiVC.swift; sourceTree = "<group>"; };
		A216BD4D297FCC02008964BC /* NotiView.swift */ = {isa = PBXFileReference; lastKnownFileType = sourcecode.swift; path = NotiView.swift; sourceTree = "<group>"; };
		A216BD52297FD60E008964BC /* ChatListView.swift */ = {isa = PBXFileReference; lastKnownFileType = sourcecode.swift; path = ChatListView.swift; sourceTree = "<group>"; };
		A216BD55297FD61D008964BC /* ChatListVC.swift */ = {isa = PBXFileReference; lastKnownFileType = sourcecode.swift; path = ChatListVC.swift; sourceTree = "<group>"; };
		A216BD57297FD850008964BC /* ChatListCVC.swift */ = {isa = PBXFileReference; lastKnownFileType = sourcecode.swift; path = ChatListCVC.swift; sourceTree = "<group>"; };
		A216BD5B297FE020008964BC /* ChatView.swift */ = {isa = PBXFileReference; lastKnownFileType = sourcecode.swift; path = ChatView.swift; sourceTree = "<group>"; };
		A216BD5E297FE02D008964BC /* ChatVC.swift */ = {isa = PBXFileReference; lastKnownFileType = sourcecode.swift; path = ChatVC.swift; sourceTree = "<group>"; };
		A222F07B29837AFF007806D0 /* CategoryTagCVC.swift */ = {isa = PBXFileReference; lastKnownFileType = sourcecode.swift; path = CategoryTagCVC.swift; sourceTree = "<group>"; };
		A222F07E298382DF007806D0 /* Category.swift */ = {isa = PBXFileReference; lastKnownFileType = sourcecode.swift; path = Category.swift; sourceTree = "<group>"; };
		A2265371296D7E5600605697 /* HomeView.swift */ = {isa = PBXFileReference; lastKnownFileType = sourcecode.swift; path = HomeView.swift; sourceTree = "<group>"; };
		A2265373296D7E5E00605697 /* HomeVC.swift */ = {isa = PBXFileReference; lastKnownFileType = sourcecode.swift; path = HomeVC.swift; sourceTree = "<group>"; };
		A2265378296D80DC00605697 /* TabBarVC.swift */ = {isa = PBXFileReference; lastKnownFileType = sourcecode.swift; path = TabBarVC.swift; sourceTree = "<group>"; };
		A226537A29705A4400605697 /* ArtCVC.swift */ = {isa = PBXFileReference; lastKnownFileType = sourcecode.swift; path = ArtCVC.swift; sourceTree = "<group>"; };
		A226537C29705F8100605697 /* BannerCVC.swift */ = {isa = PBXFileReference; lastKnownFileType = sourcecode.swift; path = BannerCVC.swift; sourceTree = "<group>"; };
		A226537E297062A000605697 /* HomeHeader.swift */ = {isa = PBXFileReference; lastKnownFileType = sourcecode.swift; path = HomeHeader.swift; sourceTree = "<group>"; };
		A2289D4A2986A03E0017969C /* ViewModelType.swift */ = {isa = PBXFileReference; lastKnownFileType = sourcecode.swift; path = ViewModelType.swift; sourceTree = "<group>"; };
		A22BE58F296AEA4F00D9815C /* AuthManager.swift */ = {isa = PBXFileReference; lastKnownFileType = sourcecode.swift; path = AuthManager.swift; sourceTree = "<group>"; };
		A22BE594296AEB4300D9815C /* AuthAPI.swift */ = {isa = PBXFileReference; lastKnownFileType = sourcecode.swift; path = AuthAPI.swift; sourceTree = "<group>"; };
		A22BE596296AEC2A00D9815C /* Endpoint.swift */ = {isa = PBXFileReference; lastKnownFileType = sourcecode.swift; path = Endpoint.swift; sourceTree = "<group>"; };
		A23415AE2927D776007DADE7 /* Sinzak.app */ = {isa = PBXFileReference; explicitFileType = wrapper.application; includeInIndex = 0; path = Sinzak.app; sourceTree = BUILT_PRODUCTS_DIR; };
		A23415B12927D776007DADE7 /* AppDelegate.swift */ = {isa = PBXFileReference; lastKnownFileType = sourcecode.swift; path = AppDelegate.swift; sourceTree = "<group>"; };
		A23415B32927D776007DADE7 /* SceneDelegate.swift */ = {isa = PBXFileReference; lastKnownFileType = sourcecode.swift; path = SceneDelegate.swift; sourceTree = "<group>"; };
		A23415B52927D776007DADE7 /* ViewController.swift */ = {isa = PBXFileReference; lastKnownFileType = sourcecode.swift; path = ViewController.swift; sourceTree = "<group>"; };
		A23415B82927D776007DADE7 /* Base */ = {isa = PBXFileReference; lastKnownFileType = file.storyboard; name = Base; path = Base.lproj/Main.storyboard; sourceTree = "<group>"; };
		A23415BA2927D778007DADE7 /* Assets.xcassets */ = {isa = PBXFileReference; lastKnownFileType = folder.assetcatalog; path = Assets.xcassets; sourceTree = "<group>"; };
		A23415BD2927D778007DADE7 /* Base */ = {isa = PBXFileReference; lastKnownFileType = file.storyboard; name = Base; path = Base.lproj/LaunchScreen.storyboard; sourceTree = "<group>"; };
		A23415BF2927D778007DADE7 /* Info.plist */ = {isa = PBXFileReference; lastKnownFileType = text.plist.xml; path = Info.plist; sourceTree = "<group>"; };
		A23415C52927D7A9007DADE7 /* .gitignore */ = {isa = PBXFileReference; lastKnownFileType = text; path = .gitignore; sourceTree = "<group>"; };
		A257C36A297F99B100266E74 /* SeeMoreCVC.swift */ = {isa = PBXFileReference; lastKnownFileType = sourcecode.swift; path = SeeMoreCVC.swift; sourceTree = "<group>"; };
		A2646BEA2991FB210004F4CE /* HomeAPIProviderTests.swift */ = {isa = PBXFileReference; lastKnownFileType = sourcecode.swift; path = HomeAPIProviderTests.swift; sourceTree = "<group>"; };
		A2646BEC299204B30004F4CE /* User.swift */ = {isa = PBXFileReference; fileEncoding = 4; lastKnownFileType = sourcecode.swift; path = User.swift; sourceTree = "<group>"; };
		A26F0AA92948BE05001CB2AA /* ConciergeView.swift */ = {isa = PBXFileReference; lastKnownFileType = sourcecode.swift; path = ConciergeView.swift; sourceTree = "<group>"; };
		A26F0AAB2948BE23001CB2AA /* ConciergeVC.swift */ = {isa = PBXFileReference; lastKnownFileType = sourcecode.swift; path = ConciergeVC.swift; sourceTree = "<group>"; };
		A26F0AB02948C818001CB2AA /* SZView.swift */ = {isa = PBXFileReference; lastKnownFileType = sourcecode.swift; path = SZView.swift; sourceTree = "<group>"; };
		A26F0AB22948C843001CB2AA /* SZVC.swift */ = {isa = PBXFileReference; lastKnownFileType = sourcecode.swift; path = SZVC.swift; sourceTree = "<group>"; };
		A2806120292F50FA005AE0B3 /* .swiftlint.yml */ = {isa = PBXFileReference; lastKnownFileType = text.yaml; path = .swiftlint.yml; sourceTree = "<group>"; };
		A2806128292F585E005AE0B3 /* setColor.swift */ = {isa = PBXFileReference; lastKnownFileType = sourcecode.swift; path = setColor.swift; sourceTree = "<group>"; };
		A2947A29298017A200EE2A96 /* MyChatBubbleCVC.swift */ = {isa = PBXFileReference; lastKnownFileType = sourcecode.swift; path = MyChatBubbleCVC.swift; sourceTree = "<group>"; };
		A2947A2B298017B100EE2A96 /* OtherChatBubbleCVC.swift */ = {isa = PBXFileReference; lastKnownFileType = sourcecode.swift; path = OtherChatBubbleCVC.swift; sourceTree = "<group>"; };
		A29CE9D62997EBBE00EB89B4 /* KeychainItem.swift */ = {isa = PBXFileReference; lastKnownFileType = sourcecode.swift; path = KeychainItem.swift; sourceTree = "<group>"; };
		A29CE9D92998DA2700EB89B4 /* GoogleService-Info.plist */ = {isa = PBXFileReference; fileEncoding = 4; lastKnownFileType = text.plist.xml; path = "GoogleService-Info.plist"; sourceTree = "<group>"; };
		A2AA89CA2967B13C004A63C1 /* Genre.swift */ = {isa = PBXFileReference; lastKnownFileType = sourcecode.swift; path = Genre.swift; sourceTree = "<group>"; };
		A2AA89CD2967C33A004A63C1 /* InterestedGenreCVC.swift */ = {isa = PBXFileReference; lastKnownFileType = sourcecode.swift; path = InterestedGenreCVC.swift; sourceTree = "<group>"; };
		A2AA89CF2967CDBB004A63C1 /* InterestedGenreHeader.swift */ = {isa = PBXFileReference; lastKnownFileType = sourcecode.swift; path = InterestedGenreHeader.swift; sourceTree = "<group>"; };
		A2AA89D22967DAF8004A63C1 /* Sinzak.entitlements */ = {isa = PBXFileReference; lastKnownFileType = text.plist.entitlements; path = Sinzak.entitlements; sourceTree = "<group>"; };
		A2B0F60D2980231A00EC5C78 /* MarketView.swift */ = {isa = PBXFileReference; lastKnownFileType = sourcecode.swift; path = MarketView.swift; sourceTree = "<group>"; };
		A2B0F6102980233900EC5C78 /* MarketVC.swift */ = {isa = PBXFileReference; lastKnownFileType = sourcecode.swift; path = MarketVC.swift; sourceTree = "<group>"; };
		A2B3855F2959A4BB00E5EB7C /* LoginView.swift */ = {isa = PBXFileReference; lastKnownFileType = sourcecode.swift; path = LoginView.swift; sourceTree = "<group>"; };
		A2B385612959A4C500E5EB7C /* LoginVC.swift */ = {isa = PBXFileReference; lastKnownFileType = sourcecode.swift; path = LoginVC.swift; sourceTree = "<group>"; };
		A2B385632959A8F000E5EB7C /* UIView+UIStackView+Extension.swift */ = {isa = PBXFileReference; lastKnownFileType = sourcecode.swift; path = "UIView+UIStackView+Extension.swift"; sourceTree = "<group>"; };
		A2B3856B295D888800E5EB7C /* AgreementView.swift */ = {isa = PBXFileReference; lastKnownFileType = sourcecode.swift; path = AgreementView.swift; sourceTree = "<group>"; };
		A2B3856D295D889400E5EB7C /* AgreementVC.swift */ = {isa = PBXFileReference; lastKnownFileType = sourcecode.swift; path = AgreementVC.swift; sourceTree = "<group>"; };
		A2B3856F295D88B600E5EB7C /* SignupNameView.swift */ = {isa = PBXFileReference; lastKnownFileType = sourcecode.swift; path = SignupNameView.swift; sourceTree = "<group>"; };
		A2B38571295D88C000E5EB7C /* SignupNameVC.swift */ = {isa = PBXFileReference; lastKnownFileType = sourcecode.swift; path = SignupNameVC.swift; sourceTree = "<group>"; };
		A2B38573295D88D400E5EB7C /* SignupGenreView.swift */ = {isa = PBXFileReference; lastKnownFileType = sourcecode.swift; path = SignupGenreView.swift; sourceTree = "<group>"; };
		A2B38575295D88DC00E5EB7C /* SignupGenreVC.swift */ = {isa = PBXFileReference; lastKnownFileType = sourcecode.swift; path = SignupGenreVC.swift; sourceTree = "<group>"; };
		A2B38579295D893300E5EB7C /* UniversityInfoView.swift */ = {isa = PBXFileReference; lastKnownFileType = sourcecode.swift; path = UniversityInfoView.swift; sourceTree = "<group>"; };
		A2B3857B295D893A00E5EB7C /* UniversityInfoVC.swift */ = {isa = PBXFileReference; lastKnownFileType = sourcecode.swift; path = UniversityInfoVC.swift; sourceTree = "<group>"; };
		A2B3857D295D895000E5EB7C /* SchoolEmailAuthView.swift */ = {isa = PBXFileReference; lastKnownFileType = sourcecode.swift; path = SchoolEmailAuthView.swift; sourceTree = "<group>"; };
		A2B3857F295D895800E5EB7C /* SchoolEmailAuthVC.swift */ = {isa = PBXFileReference; lastKnownFileType = sourcecode.swift; path = SchoolEmailAuthVC.swift; sourceTree = "<group>"; };
		A2B38581295ED7AA00E5EB7C /* SZTextField.swift */ = {isa = PBXFileReference; lastKnownFileType = sourcecode.swift; path = SZTextField.swift; sourceTree = "<group>"; };
		A2F07846298AB0A7004A2B3F /* SinzakTests.xctest */ = {isa = PBXFileReference; explicitFileType = wrapper.cfbundle; includeInIndex = 0; path = SinzakTests.xctest; sourceTree = BUILT_PRODUCTS_DIR; };
		A2F6EADD298773EB00DE754F /* BannerModel.swift */ = {isa = PBXFileReference; lastKnownFileType = sourcecode.swift; path = BannerModel.swift; sourceTree = "<group>"; };
		A2F6EAE0298774FC00DE754F /* HomeViewModel.swift */ = {isa = PBXFileReference; lastKnownFileType = sourcecode.swift; path = HomeViewModel.swift; sourceTree = "<group>"; };
		A2F6EAE22987758C00DE754F /* HomeAPI.swift */ = {isa = PBXFileReference; lastKnownFileType = sourcecode.swift; path = HomeAPI.swift; sourceTree = "<group>"; };
		A2F6EAE4298776F300DE754F /* HomeManager.swift */ = {isa = PBXFileReference; lastKnownFileType = sourcecode.swift; path = HomeManager.swift; sourceTree = "<group>"; };
		A2F9053B29896A5200AC588C /* SocketIOManager.swift */ = {isa = PBXFileReference; lastKnownFileType = sourcecode.swift; path = SocketIOManager.swift; sourceTree = "<group>"; };
/* End PBXFileReference section */

/* Begin PBXFrameworksBuildPhase section */
		A23415AB2927D776007DADE7 /* Frameworks */ = {
			isa = PBXFrameworksBuildPhase;
			buildActionMask = 2147483647;
			files = (
				A210CD55292F4D8800F86A08 /* RxCocoa in Frameworks */,
				A29CE9DD2998DD2800EB89B4 /* FirebaseAnalyticsWithoutAdIdSupport in Frameworks */,
				A22BE5A9296B001B00D9815C /* KakaoSDKUser in Frameworks */,
				A22BE5A3296B001B00D9815C /* KakaoSDK in Frameworks */,
				A210CD4F292F4D5300F86A08 /* SnapKit in Frameworks */,
				A210CD57292F4D8800F86A08 /* RxSwift in Frameworks */,
				A216BD48297FB6B5008964BC /* Tabman in Frameworks */,
				A210CD5A292F4DDA00F86A08 /* ReactorKit in Frameworks */,
				A210CD52292F4D6B00F86A08 /* Then in Frameworks */,
				A29CE9E12998DD2800EB89B4 /* FirebaseMessaging in Frameworks */,
				A2289D4E2986A3910017969C /* Kingfisher in Frameworks */,
				A2F90537298968DA00AC588C /* SocketIO in Frameworks */,
				A22BE593296AEB0300D9815C /* Moya in Frameworks */,
				70220DD51C5772784980F559 /* Pods_Sinzak.framework in Frameworks */,
				A29CE9DF2998DD2800EB89B4 /* FirebaseCrashlytics in Frameworks */,
				A22BE5A7296B001B00D9815C /* KakaoSDKCommon in Frameworks */,
				A22BE5A5296B001B00D9815C /* KakaoSDKAuth in Frameworks */,
			);
			runOnlyForDeploymentPostprocessing = 0;
		};
		A2F07843298AB0A7004A2B3F /* Frameworks */ = {
			isa = PBXFrameworksBuildPhase;
			buildActionMask = 2147483647;
			files = (
			);
			runOnlyForDeploymentPostprocessing = 0;
		};
/* End PBXFrameworksBuildPhase section */

/* Begin PBXGroup section */
		0B7D5C41DAC50EA425D9F0D5 /* Frameworks */ = {
			isa = PBXGroup;
			children = (
				2700FF81BC95B6E59A53DC75 /* Pods_Sinzak.framework */,
			);
			name = Frameworks;
			sourceTree = "<group>";
		};
		73D41B78272D1995AF9DE204 /* Pods */ = {
			isa = PBXGroup;
			children = (
				4C1051FDB08E63609D13B62C /* Pods-Sinzak.debug.xcconfig */,
				3DB488BBBBBFF96BBEF7A346 /* Pods-Sinzak.release.xcconfig */,
			);
			path = Pods;
			sourceTree = "<group>";
		};
		A20CBD54294786350012FF32 /* Fonts */ = {
			isa = PBXGroup;
			children = (
				A20CBD57294786550012FF32 /* SpoqaHanSansNeo-Bold.ttf */,
				A20CBD55294786530012FF32 /* SpoqaHanSansNeo-Medium.ttf */,
				A20CBD56294786540012FF32 /* SpoqaHanSansNeo-Regular.ttf */,
			);
			path = Fonts;
			sourceTree = "<group>";
		};
		A20CBD5F29478AD30012FF32 /* Literal */ = {
			isa = PBXGroup;
			children = (
				A20CBD6C29478B540012FF32 /* Localizable.strings */,
				A20CBD6829478B4A0012FF32 /* InfoPlist.strings */,
				A20CBD6429478B130012FF32 /* I18NStrings.swift */,
			);
			path = Literal;
			sourceTree = "<group>";
		};
		A20CBD6E29478BB90012FF32 /* Extension */ = {
			isa = PBXGroup;
			children = (
				A20CBD6F29478BCF0012FF32 /* String+Extension.swift */,
				A2B385632959A8F000E5EB7C /* UIView+UIStackView+Extension.swift */,
			);
			path = Extension;
			sourceTree = "<group>";
		};
		A2100F6E298692E500C85ADF /* Works */ = {
			isa = PBXGroup;
			children = (
				A2100F752986959200C85ADF /* Model */,
				A2100F722986938F00C85ADF /* VC */,
				A2100F6F2986936B00C85ADF /* View */,
			);
			path = Works;
			sourceTree = "<group>";
		};
		A2100F6F2986936B00C85ADF /* View */ = {
			isa = PBXGroup;
			children = (
				A2100F702986937A00C85ADF /* WorksView.swift */,
				A2100F78298696D800C85ADF /* WorksHeader.swift */,
			);
			path = View;
			sourceTree = "<group>";
		};
		A2100F722986938F00C85ADF /* VC */ = {
			isa = PBXGroup;
			children = (
				A2100F732986939A00C85ADF /* WorksVC.swift */,
			);
			path = VC;
			sourceTree = "<group>";
		};
		A2100F752986959200C85ADF /* Model */ = {
			isa = PBXGroup;
			children = (
				A2100F76298695A100C85ADF /* WorksCategory.swift */,
			);
			path = Model;
			sourceTree = "<group>";
		};
		A216BD35297FA363008964BC /* HomeDetail */ = {
			isa = PBXGroup;
			children = (
				A216BD38297FA3A1008964BC /* View */,
				A216BD39297FA3A8008964BC /* VC */,
			);
			path = HomeDetail;
			sourceTree = "<group>";
		};
		A216BD38297FA3A1008964BC /* View */ = {
			isa = PBXGroup;
			children = (
				A216BD36297FA384008964BC /* HomeDetailView.swift */,
				A216BD3C297FA426008964BC /* ArtFullWidthCVC.swift */,
			);
			path = View;
			sourceTree = "<group>";
		};
		A216BD39297FA3A8008964BC /* VC */ = {
			isa = PBXGroup;
			children = (
				A216BD3A297FA3B4008964BC /* HomeDetailVC.swift */,
			);
			path = VC;
			sourceTree = "<group>";
		};
		A216BD42297FB269008964BC /* VC */ = {
			isa = PBXGroup;
			children = (
				A216BD40297FAFCA008964BC /* NotificationVC.swift */,
				A216BD49297FCBC1008964BC /* ActivityNotiVC.swift */,
				A216BD4B297FCBD1008964BC /* FollowNotiVC.swift */,
			);
			path = VC;
			sourceTree = "<group>";
		};
		A216BD43297FB275008964BC /* View */ = {
			isa = PBXGroup;
			children = (
				A216BD44297FB289008964BC /* NotificationCVC.swift */,
				A216BD4D297FCC02008964BC /* NotiView.swift */,
			);
			path = View;
			sourceTree = "<group>";
		};
		A216BD4F297FD5E1008964BC /* Chatting */ = {
			isa = PBXGroup;
			children = (
				A216BD59297FDF00008964BC /* Chat */,
				A216BD50297FD5EA008964BC /* ChatList */,
			);
			path = Chatting;
			sourceTree = "<group>";
		};
		A216BD50297FD5EA008964BC /* ChatList */ = {
			isa = PBXGroup;
			children = (
				A216BD51297FD601008964BC /* View */,
				A216BD54297FD613008964BC /* VC */,
			);
			path = ChatList;
			sourceTree = "<group>";
		};
		A216BD51297FD601008964BC /* View */ = {
			isa = PBXGroup;
			children = (
				A216BD52297FD60E008964BC /* ChatListView.swift */,
				A216BD57297FD850008964BC /* ChatListCVC.swift */,
			);
			path = View;
			sourceTree = "<group>";
		};
		A216BD54297FD613008964BC /* VC */ = {
			isa = PBXGroup;
			children = (
				A216BD55297FD61D008964BC /* ChatListVC.swift */,
			);
			path = VC;
			sourceTree = "<group>";
		};
		A216BD59297FDF00008964BC /* Chat */ = {
			isa = PBXGroup;
			children = (
				A216BD5A297FE011008964BC /* View */,
				A216BD5D297FE023008964BC /* VC */,
			);
			path = Chat;
			sourceTree = "<group>";
		};
		A216BD5A297FE011008964BC /* View */ = {
			isa = PBXGroup;
			children = (
				A216BD5B297FE020008964BC /* ChatView.swift */,
				A2947A29298017A200EE2A96 /* MyChatBubbleCVC.swift */,
				A2947A2B298017B100EE2A96 /* OtherChatBubbleCVC.swift */,
			);
			path = View;
			sourceTree = "<group>";
		};
		A216BD5D297FE023008964BC /* VC */ = {
			isa = PBXGroup;
			children = (
				A216BD5E297FE02D008964BC /* ChatVC.swift */,
			);
			path = VC;
			sourceTree = "<group>";
		};
		A222F07D298382B2007806D0 /* Model */ = {
			isa = PBXGroup;
			children = (
				A222F07E298382DF007806D0 /* Category.swift */,
				A2100F6929865E8800C85ADF /* AlignOption.swift */,
			);
			path = Model;
			sourceTree = "<group>";
		};
		A2265370296D7E4600605697 /* Home */ = {
			isa = PBXGroup;
			children = (
				A2F6EADF298774E800DE754F /* ViewModel */,
				A2F6EADC298773DA00DE754F /* Model */,
				A2265375296D7E6300605697 /* View */,
				A2265376296D7E6C00605697 /* VC */,
			);
			path = Home;
			sourceTree = "<group>";
		};
		A2265375296D7E6300605697 /* View */ = {
			isa = PBXGroup;
			children = (
				A2265371296D7E5600605697 /* HomeView.swift */,
				A226537A29705A4400605697 /* ArtCVC.swift */,
				A226537C29705F8100605697 /* BannerCVC.swift */,
				A257C36A297F99B100266E74 /* SeeMoreCVC.swift */,
				A226537E297062A000605697 /* HomeHeader.swift */,
			);
			path = View;
			sourceTree = "<group>";
		};
		A2265376296D7E6C00605697 /* VC */ = {
			isa = PBXGroup;
			children = (
				A2265373296D7E5E00605697 /* HomeVC.swift */,
			);
			path = VC;
			sourceTree = "<group>";
		};
		A2265377296D80C700605697 /* TabBar */ = {
			isa = PBXGroup;
			children = (
				A2265378296D80DC00605697 /* TabBarVC.swift */,
			);
			path = TabBar;
			sourceTree = "<group>";
		};
		A22653802970664300605697 /* Notification */ = {
			isa = PBXGroup;
			children = (
				A216BD43297FB275008964BC /* View */,
				A216BD42297FB269008964BC /* VC */,
			);
			path = Notification;
			sourceTree = "<group>";
		};
		A2289D4929869FA80017969C /* Protocol */ = {
			isa = PBXGroup;
			children = (
				A2289D4A2986A03E0017969C /* ViewModelType.swift */,
			);
			path = Protocol;
			sourceTree = "<group>";
		};
		A22BE58A296AE88600D9815C /* Data */ = {
			isa = PBXGroup;
			children = (
				A22BE58E296AEA4100D9815C /* Network */,
			);
			path = Data;
			sourceTree = "<group>";
		};
		A22BE58E296AEA4100D9815C /* Network */ = {
			isa = PBXGroup;
			children = (
				A2F9053A29896A3E00AC588C /* Socket */,
				A2F90539298969F500AC588C /* APIManager */,
				A2F90538298969E100AC588C /* API */,
			);
			path = Network;
			sourceTree = "<group>";
		};
		A23415A52927D776007DADE7 = {
			isa = PBXGroup;
			children = (
				A2806120292F50FA005AE0B3 /* .swiftlint.yml */,
				A23415C52927D7A9007DADE7 /* .gitignore */,
				A23415B02927D776007DADE7 /* Sinzak */,
				A2F07847298AB0A7004A2B3F /* SinzakTests */,
				A23415AF2927D776007DADE7 /* Products */,
				73D41B78272D1995AF9DE204 /* Pods */,
				0B7D5C41DAC50EA425D9F0D5 /* Frameworks */,
			);
			sourceTree = "<group>";
		};
		A23415AF2927D776007DADE7 /* Products */ = {
			isa = PBXGroup;
			children = (
				A23415AE2927D776007DADE7 /* Sinzak.app */,
				A2F07846298AB0A7004A2B3F /* SinzakTests.xctest */,
			);
			name = Products;
			sourceTree = "<group>";
		};
		A23415B02927D776007DADE7 /* Sinzak */ = {
			isa = PBXGroup;
			children = (
				A2AA89D22967DAF8004A63C1 /* Sinzak.entitlements */,
				A2806122292F5462005AE0B3 /* App */,
				A2806123292F5495005AE0B3 /* Global */,
				A22BE58A296AE88600D9815C /* Data */,
				A2806124292F54A2005AE0B3 /* Scene */,
				A2806127292F5848005AE0B3 /* Util */,
				A23415BF2927D778007DADE7 /* Info.plist */,
				A29CE9D92998DA2700EB89B4 /* GoogleService-Info.plist */,
			);
			path = Sinzak;
			sourceTree = "<group>";
		};
		A26F0AA82948BDF0001CB2AA /* Concierge */ = {
			isa = PBXGroup;
			children = (
				A26F0AAE2948BE2F001CB2AA /* View */,
				A26F0AAD2948BE29001CB2AA /* VC */,
			);
			path = Concierge;
			sourceTree = "<group>";
		};
		A26F0AAD2948BE29001CB2AA /* VC */ = {
			isa = PBXGroup;
			children = (
				A26F0AAB2948BE23001CB2AA /* ConciergeVC.swift */,
			);
			path = VC;
			sourceTree = "<group>";
		};
		A26F0AAE2948BE2F001CB2AA /* View */ = {
			isa = PBXGroup;
			children = (
				A26F0AA92948BE05001CB2AA /* ConciergeView.swift */,
			);
			path = View;
			sourceTree = "<group>";
		};
		A26F0AAF2948C7FB001CB2AA /* Base */ = {
			isa = PBXGroup;
			children = (
				A26F0AB02948C818001CB2AA /* SZView.swift */,
				A26F0AB22948C843001CB2AA /* SZVC.swift */,
				A2B38581295ED7AA00E5EB7C /* SZTextField.swift */,
			);
			path = Base;
			sourceTree = "<group>";
		};
		A2806122292F5462005AE0B3 /* App */ = {
			isa = PBXGroup;
			children = (
				A23415B12927D776007DADE7 /* AppDelegate.swift */,
				A23415B32927D776007DADE7 /* SceneDelegate.swift */,
			);
			path = App;
			sourceTree = "<group>";
		};
		A2806123292F5495005AE0B3 /* Global */ = {
			isa = PBXGroup;
			children = (
				A2289D4929869FA80017969C /* Protocol */,
				A26F0AAF2948C7FB001CB2AA /* Base */,
				A20CBD6E29478BB90012FF32 /* Extension */,
				A20CBD5F29478AD30012FF32 /* Literal */,
				A2806126292F54FE005AE0B3 /* Resource */,
				A2806125292F54F3005AE0B3 /* Support */,
			);
			path = Global;
			sourceTree = "<group>";
		};
		A2806124292F54A2005AE0B3 /* Scene */ = {
			isa = PBXGroup;
			children = (
				A2100F6E298692E500C85ADF /* Works */,
				A2B0F60B2980230800EC5C78 /* Market */,
				A216BD4F297FD5E1008964BC /* Chatting */,
				A22653802970664300605697 /* Notification */,
				A2265377296D80C700605697 /* TabBar */,
				A216BD35297FA363008964BC /* HomeDetail */,
				A2265370296D7E4600605697 /* Home */,
				A2B38568295D884400E5EB7C /* SchoolAuth */,
				A2B38567295D883B00E5EB7C /* Signup */,
				A2B3855E2959A4AE00E5EB7C /* Login */,
				A26F0AA82948BDF0001CB2AA /* Concierge */,
				A23415B52927D776007DADE7 /* ViewController.swift */,
				A23415B72927D776007DADE7 /* Main.storyboard */,
			);
			path = Scene;
			sourceTree = "<group>";
		};
		A2806125292F54F3005AE0B3 /* Support */ = {
			isa = PBXGroup;
			children = (
				A23415BC2927D778007DADE7 /* LaunchScreen.storyboard */,
				A29CE9D62997EBBE00EB89B4 /* KeychainItem.swift */,
			);
			path = Support;
			sourceTree = "<group>";
		};
		A2806126292F54FE005AE0B3 /* Resource */ = {
			isa = PBXGroup;
			children = (
				A20CBD54294786350012FF32 /* Fonts */,
				A23415BA2927D778007DADE7 /* Assets.xcassets */,
			);
			path = Resource;
			sourceTree = "<group>";
		};
		A2806127292F5848005AE0B3 /* Util */ = {
			isa = PBXGroup;
			children = (
				A2806128292F585E005AE0B3 /* setColor.swift */,
				A20CBD5B294787C10012FF32 /* setFont.swift */,
			);
			path = Util;
			sourceTree = "<group>";
		};
		A2AA89C92967B11A004A63C1 /* Model */ = {
			isa = PBXGroup;
			children = (
				A2646BEC299204B30004F4CE /* User.swift */,
				A2AA89CA2967B13C004A63C1 /* Genre.swift */,
			);
			path = Model;
			sourceTree = "<group>";
		};
		A2B0F60B2980230800EC5C78 /* Market */ = {
			isa = PBXGroup;
			children = (
				A222F07D298382B2007806D0 /* Model */,
				A2B0F60C2980231100EC5C78 /* View */,
				A2B0F60F2980233100EC5C78 /* VC */,
			);
			path = Market;
			sourceTree = "<group>";
		};
		A2B0F60C2980231100EC5C78 /* View */ = {
			isa = PBXGroup;
			children = (
				A2B0F60D2980231A00EC5C78 /* MarketView.swift */,
				A222F07B29837AFF007806D0 /* CategoryTagCVC.swift */,
				A2100F6729865B2500C85ADF /* MarketHeader.swift */,
			);
			path = View;
			sourceTree = "<group>";
		};
		A2B0F60F2980233100EC5C78 /* VC */ = {
			isa = PBXGroup;
			children = (
				A2B0F6102980233900EC5C78 /* MarketVC.swift */,
			);
			path = VC;
			sourceTree = "<group>";
		};
		A2B3855E2959A4AE00E5EB7C /* Login */ = {
			isa = PBXGroup;
			children = (
				A2B38565295D87FC00E5EB7C /* View */,
				A2B38566295D880500E5EB7C /* VC */,
			);
			path = Login;
			sourceTree = "<group>";
		};
		A2B38565295D87FC00E5EB7C /* View */ = {
			isa = PBXGroup;
			children = (
				A2B3855F2959A4BB00E5EB7C /* LoginView.swift */,
			);
			path = View;
			sourceTree = "<group>";
		};
		A2B38566295D880500E5EB7C /* VC */ = {
			isa = PBXGroup;
			children = (
				A2B385612959A4C500E5EB7C /* LoginVC.swift */,
			);
			path = VC;
			sourceTree = "<group>";
		};
		A2B38567295D883B00E5EB7C /* Signup */ = {
			isa = PBXGroup;
			children = (
				A2AA89C92967B11A004A63C1 /* Model */,
				A2B38569295D886300E5EB7C /* View */,
				A2B3856A295D886900E5EB7C /* VC */,
			);
			path = Signup;
			sourceTree = "<group>";
		};
		A2B38568295D884400E5EB7C /* SchoolAuth */ = {
			isa = PBXGroup;
			children = (
				A2B38577295D88FE00E5EB7C /* View */,
				A2B38578295D890300E5EB7C /* VC */,
			);
			path = SchoolAuth;
			sourceTree = "<group>";
		};
		A2B38569295D886300E5EB7C /* View */ = {
			isa = PBXGroup;
			children = (
				A2B3856B295D888800E5EB7C /* AgreementView.swift */,
				A2B3856F295D88B600E5EB7C /* SignupNameView.swift */,
				A2B38573295D88D400E5EB7C /* SignupGenreView.swift */,
				A2AA89CD2967C33A004A63C1 /* InterestedGenreCVC.swift */,
				A2AA89CF2967CDBB004A63C1 /* InterestedGenreHeader.swift */,
			);
			path = View;
			sourceTree = "<group>";
		};
		A2B3856A295D886900E5EB7C /* VC */ = {
			isa = PBXGroup;
			children = (
				A2B3856D295D889400E5EB7C /* AgreementVC.swift */,
				A2B38571295D88C000E5EB7C /* SignupNameVC.swift */,
				A2B38575295D88DC00E5EB7C /* SignupGenreVC.swift */,
			);
			path = VC;
			sourceTree = "<group>";
		};
		A2B38577295D88FE00E5EB7C /* View */ = {
			isa = PBXGroup;
			children = (
				A2B38579295D893300E5EB7C /* UniversityInfoView.swift */,
				A2B3857D295D895000E5EB7C /* SchoolEmailAuthView.swift */,
			);
			path = View;
			sourceTree = "<group>";
		};
		A2B38578295D890300E5EB7C /* VC */ = {
			isa = PBXGroup;
			children = (
				A2B3857B295D893A00E5EB7C /* UniversityInfoVC.swift */,
				A2B3857F295D895800E5EB7C /* SchoolEmailAuthVC.swift */,
			);
			path = VC;
			sourceTree = "<group>";
		};
		A2F07847298AB0A7004A2B3F /* SinzakTests */ = {
			isa = PBXGroup;
			children = (
				A2646BEA2991FB210004F4CE /* HomeAPIProviderTests.swift */,
			);
			path = SinzakTests;
			sourceTree = "<group>";
		};
		A2F6EADC298773DA00DE754F /* Model */ = {
			isa = PBXGroup;
			children = (
				A2F6EADD298773EB00DE754F /* BannerModel.swift */,
			);
			path = Model;
			sourceTree = "<group>";
		};
		A2F6EADF298774E800DE754F /* ViewModel */ = {
			isa = PBXGroup;
			children = (
				A2F6EAE0298774FC00DE754F /* HomeViewModel.swift */,
			);
			path = ViewModel;
			sourceTree = "<group>";
		};
		A2F90538298969E100AC588C /* API */ = {
			isa = PBXGroup;
			children = (
				A22BE596296AEC2A00D9815C /* Endpoint.swift */,
				A22BE594296AEB4300D9815C /* AuthAPI.swift */,
				A2F6EAE22987758C00DE754F /* HomeAPI.swift */,
			);
			path = API;
			sourceTree = "<group>";
		};
		A2F90539298969F500AC588C /* APIManager */ = {
			isa = PBXGroup;
			children = (
				A22BE58F296AEA4F00D9815C /* AuthManager.swift */,
				A2F6EAE4298776F300DE754F /* HomeManager.swift */,
			);
			path = APIManager;
			sourceTree = "<group>";
		};
		A2F9053A29896A3E00AC588C /* Socket */ = {
			isa = PBXGroup;
			children = (
				A2F9053B29896A5200AC588C /* SocketIOManager.swift */,
			);
			path = Socket;
			sourceTree = "<group>";
		};
/* End PBXGroup section */

/* Begin PBXNativeTarget section */
		A23415AD2927D776007DADE7 /* Sinzak */ = {
			isa = PBXNativeTarget;
			buildConfigurationList = A23415C22927D778007DADE7 /* Build configuration list for PBXNativeTarget "Sinzak" */;
			buildPhases = (
				63AF460DB6AD4937BE18FE0B /* [CP] Check Pods Manifest.lock */,
				A23415AA2927D776007DADE7 /* Sources */,
				A23415AB2927D776007DADE7 /* Frameworks */,
				A23415AC2927D776007DADE7 /* Resources */,
				A280611F292F4F42005AE0B3 /* ShellScript */,
				9F7736D1F1D3153CD3C73CD6 /* [CP] Embed Pods Frameworks */,
			);
			buildRules = (
			);
			dependencies = (
			);
			name = Sinzak;
			packageProductDependencies = (
				A210CD4E292F4D5300F86A08 /* SnapKit */,
				A210CD51292F4D6B00F86A08 /* Then */,
				A210CD54292F4D8800F86A08 /* RxCocoa */,
				A210CD56292F4D8800F86A08 /* RxSwift */,
				A210CD59292F4DDA00F86A08 /* ReactorKit */,
				A22BE592296AEB0300D9815C /* Moya */,
				A22BE5A2296B001B00D9815C /* KakaoSDK */,
				A22BE5A4296B001B00D9815C /* KakaoSDKAuth */,
				A22BE5A6296B001B00D9815C /* KakaoSDKCommon */,
				A22BE5A8296B001B00D9815C /* KakaoSDKUser */,
				A216BD47297FB6B5008964BC /* Tabman */,
				A2289D4D2986A3910017969C /* Kingfisher */,
				A2F90536298968DA00AC588C /* SocketIO */,
				A29CE9DC2998DD2800EB89B4 /* FirebaseAnalyticsWithoutAdIdSupport */,
				A29CE9DE2998DD2800EB89B4 /* FirebaseCrashlytics */,
				A29CE9E02998DD2800EB89B4 /* FirebaseMessaging */,
			);
			productName = Sinzak;
			productReference = A23415AE2927D776007DADE7 /* Sinzak.app */;
			productType = "com.apple.product-type.application";
		};
		A2F07845298AB0A7004A2B3F /* SinzakTests */ = {
			isa = PBXNativeTarget;
			buildConfigurationList = A2F0784E298AB0A7004A2B3F /* Build configuration list for PBXNativeTarget "SinzakTests" */;
			buildPhases = (
				A2F07842298AB0A7004A2B3F /* Sources */,
				A2F07843298AB0A7004A2B3F /* Frameworks */,
				A2F07844298AB0A7004A2B3F /* Resources */,
			);
			buildRules = (
			);
			dependencies = (
				A2F0784B298AB0A7004A2B3F /* PBXTargetDependency */,
			);
			name = SinzakTests;
			productName = SinzakTests;
			productReference = A2F07846298AB0A7004A2B3F /* SinzakTests.xctest */;
			productType = "com.apple.product-type.bundle.unit-test";
		};
/* End PBXNativeTarget section */

/* Begin PBXProject section */
		A23415A62927D776007DADE7 /* Project object */ = {
			isa = PBXProject;
			attributes = {
				BuildIndependentTargetsInParallel = 1;
				LastSwiftUpdateCheck = 1410;
				LastUpgradeCheck = 1340;
				TargetAttributes = {
					A23415AD2927D776007DADE7 = {
						CreatedOnToolsVersion = 13.4.1;
					};
					A2F07845298AB0A7004A2B3F = {
						CreatedOnToolsVersion = 14.1;
						TestTargetID = A23415AD2927D776007DADE7;
					};
				};
			};
			buildConfigurationList = A23415A92927D776007DADE7 /* Build configuration list for PBXProject "Sinzak" */;
			compatibilityVersion = "Xcode 13.0";
			developmentRegion = en;
			hasScannedForEncodings = 0;
			knownRegions = (
				en,
				Base,
				ko,
			);
			mainGroup = A23415A52927D776007DADE7;
			packageReferences = (
				A210CD4D292F4D5300F86A08 /* XCRemoteSwiftPackageReference "SnapKit" */,
				A210CD50292F4D6B00F86A08 /* XCRemoteSwiftPackageReference "Then" */,
				A210CD53292F4D8800F86A08 /* XCRemoteSwiftPackageReference "RxSwift" */,
				A210CD58292F4DDA00F86A08 /* XCRemoteSwiftPackageReference "ReactorKit" */,
				A22BE591296AEB0300D9815C /* XCRemoteSwiftPackageReference "Moya" */,
				A22BE5A1296B001B00D9815C /* XCRemoteSwiftPackageReference "kakao-ios-sdk" */,
				A216BD46297FB6B5008964BC /* XCRemoteSwiftPackageReference "Tabman" */,
				A2289D4C2986A3910017969C /* XCRemoteSwiftPackageReference "Kingfisher" */,
				A2F90535298968DA00AC588C /* XCRemoteSwiftPackageReference "socket" */,
				A29CE9DB2998DD2800EB89B4 /* XCRemoteSwiftPackageReference "firebase-ios-sdk" */,
			);
			productRefGroup = A23415AF2927D776007DADE7 /* Products */;
			projectDirPath = "";
			projectRoot = "";
			targets = (
				A23415AD2927D776007DADE7 /* Sinzak */,
				A2F07845298AB0A7004A2B3F /* SinzakTests */,
			);
		};
/* End PBXProject section */

/* Begin PBXResourcesBuildPhase section */
		A23415AC2927D776007DADE7 /* Resources */ = {
			isa = PBXResourcesBuildPhase;
			buildActionMask = 2147483647;
			files = (
				A20CBD58294786550012FF32 /* SpoqaHanSansNeo-Medium.ttf in Resources */,
				A20CBD59294786550012FF32 /* SpoqaHanSansNeo-Regular.ttf in Resources */,
				A2806121292F50FA005AE0B3 /* .swiftlint.yml in Resources */,
				A23415C62927D7A9007DADE7 /* .gitignore in Resources */,
				A20CBD6A29478B540012FF32 /* Localizable.strings in Resources */,
				A20CBD5A294786550012FF32 /* SpoqaHanSansNeo-Bold.ttf in Resources */,
				A23415BE2927D778007DADE7 /* LaunchScreen.storyboard in Resources */,
				A23415BB2927D778007DADE7 /* Assets.xcassets in Resources */,
				A29CE9DA2998DA2700EB89B4 /* GoogleService-Info.plist in Resources */,
				A23415B92927D776007DADE7 /* Main.storyboard in Resources */,
				A20CBD6629478B4A0012FF32 /* InfoPlist.strings in Resources */,
			);
			runOnlyForDeploymentPostprocessing = 0;
		};
		A2F07844298AB0A7004A2B3F /* Resources */ = {
			isa = PBXResourcesBuildPhase;
			buildActionMask = 2147483647;
			files = (
			);
			runOnlyForDeploymentPostprocessing = 0;
		};
/* End PBXResourcesBuildPhase section */

/* Begin PBXShellScriptBuildPhase section */
		63AF460DB6AD4937BE18FE0B /* [CP] Check Pods Manifest.lock */ = {
			isa = PBXShellScriptBuildPhase;
			buildActionMask = 2147483647;
			files = (
			);
			inputFileListPaths = (
			);
			inputPaths = (
				"${PODS_PODFILE_DIR_PATH}/Podfile.lock",
				"${PODS_ROOT}/Manifest.lock",
			);
			name = "[CP] Check Pods Manifest.lock";
			outputFileListPaths = (
			);
			outputPaths = (
				"$(DERIVED_FILE_DIR)/Pods-Sinzak-checkManifestLockResult.txt",
			);
			runOnlyForDeploymentPostprocessing = 0;
			shellPath = /bin/sh;
			shellScript = "diff \"${PODS_PODFILE_DIR_PATH}/Podfile.lock\" \"${PODS_ROOT}/Manifest.lock\" > /dev/null\nif [ $? != 0 ] ; then\n    # print error to STDERR\n    echo \"error: The sandbox is not in sync with the Podfile.lock. Run 'pod install' or update your CocoaPods installation.\" >&2\n    exit 1\nfi\n# This output is used by Xcode 'outputs' to avoid re-running this script phase.\necho \"SUCCESS\" > \"${SCRIPT_OUTPUT_FILE_0}\"\n";
			showEnvVarsInLog = 0;
		};
		9F7736D1F1D3153CD3C73CD6 /* [CP] Embed Pods Frameworks */ = {
			isa = PBXShellScriptBuildPhase;
			buildActionMask = 2147483647;
			files = (
			);
			inputFileListPaths = (
				"${PODS_ROOT}/Target Support Files/Pods-Sinzak/Pods-Sinzak-frameworks-${CONFIGURATION}-input-files.xcfilelist",
			);
			name = "[CP] Embed Pods Frameworks";
			outputFileListPaths = (
				"${PODS_ROOT}/Target Support Files/Pods-Sinzak/Pods-Sinzak-frameworks-${CONFIGURATION}-output-files.xcfilelist",
			);
			runOnlyForDeploymentPostprocessing = 0;
			shellPath = /bin/sh;
			shellScript = "\"${PODS_ROOT}/Target Support Files/Pods-Sinzak/Pods-Sinzak-frameworks.sh\"\n";
			showEnvVarsInLog = 0;
		};
		A280611F292F4F42005AE0B3 /* ShellScript */ = {
			isa = PBXShellScriptBuildPhase;
			buildActionMask = 2147483647;
			files = (
			);
			inputFileListPaths = (
			);
			inputPaths = (
			);
			outputFileListPaths = (
			);
			outputPaths = (
			);
			runOnlyForDeploymentPostprocessing = 0;
			shellPath = /bin/sh;
			shellScript = "${PODS_ROOT}/SwiftLint/swiftlint\n";
		};
/* End PBXShellScriptBuildPhase section */

/* Begin PBXSourcesBuildPhase section */
		A23415AA2927D776007DADE7 /* Sources */ = {
			isa = PBXSourcesBuildPhase;
			buildActionMask = 2147483647;
			files = (
				A2B385642959A8F000E5EB7C /* UIView+UIStackView+Extension.swift in Sources */,
				A26F0AAA2948BE05001CB2AA /* ConciergeView.swift in Sources */,
				A22BE595296AEB4300D9815C /* AuthAPI.swift in Sources */,
				A2F6EAE32987758C00DE754F /* HomeAPI.swift in Sources */,
				A26F0AB12948C818001CB2AA /* SZView.swift in Sources */,
				A216BD58297FD850008964BC /* ChatListCVC.swift in Sources */,
				A216BD53297FD60E008964BC /* ChatListView.swift in Sources */,
				A2B0F6112980233900EC5C78 /* MarketVC.swift in Sources */,
				A2B3857A295D893300E5EB7C /* UniversityInfoView.swift in Sources */,
				A2265374296D7E5E00605697 /* HomeVC.swift in Sources */,
				A2B3857C295D893A00E5EB7C /* UniversityInfoVC.swift in Sources */,
				A2265379296D80DC00605697 /* TabBarVC.swift in Sources */,
				A2100F79298696D800C85ADF /* WorksHeader.swift in Sources */,
				A2B38582295ED7AA00E5EB7C /* SZTextField.swift in Sources */,
				A2100F6829865B2500C85ADF /* MarketHeader.swift in Sources */,
				A2B0F60E2980231A00EC5C78 /* MarketView.swift in Sources */,
				A2806129292F585E005AE0B3 /* setColor.swift in Sources */,
				A2100F712986937A00C85ADF /* WorksView.swift in Sources */,
				A2F6EAE1298774FC00DE754F /* HomeViewModel.swift in Sources */,
				A2AA89D02967CDBB004A63C1 /* InterestedGenreHeader.swift in Sources */,
				A2646BED299204B40004F4CE /* User.swift in Sources */,
				A22BE597296AEC2A00D9815C /* Endpoint.swift in Sources */,
				A2B38570295D88B600E5EB7C /* SignupNameView.swift in Sources */,
				A2B3856C295D888800E5EB7C /* AgreementView.swift in Sources */,
				A2947A2A298017A200EE2A96 /* MyChatBubbleCVC.swift in Sources */,
				A216BD56297FD61D008964BC /* ChatListVC.swift in Sources */,
				A216BD4C297FCBD1008964BC /* FollowNotiVC.swift in Sources */,
				A2AA89CB2967B13C004A63C1 /* Genre.swift in Sources */,
				A216BD41297FAFCA008964BC /* NotificationVC.swift in Sources */,
				A222F07C29837AFF007806D0 /* CategoryTagCVC.swift in Sources */,
				A222F07F298382DF007806D0 /* Category.swift in Sources */,
				A20CBD7029478BCF0012FF32 /* String+Extension.swift in Sources */,
				A216BD4A297FCBC1008964BC /* ActivityNotiVC.swift in Sources */,
				A23415B62927D776007DADE7 /* ViewController.swift in Sources */,
				A216BD5F297FE02D008964BC /* ChatVC.swift in Sources */,
				A257C36B297F99B100266E74 /* SeeMoreCVC.swift in Sources */,
				A20CBD6529478B130012FF32 /* I18NStrings.swift in Sources */,
				A2AA89CE2967C33A004A63C1 /* InterestedGenreCVC.swift in Sources */,
				A2B385602959A4BB00E5EB7C /* LoginView.swift in Sources */,
				A29CE9D72997EBBE00EB89B4 /* KeychainItem.swift in Sources */,
				A2100F77298695A100C85ADF /* WorksCategory.swift in Sources */,
				A2289D4B2986A03E0017969C /* ViewModelType.swift in Sources */,
				A216BD45297FB289008964BC /* NotificationCVC.swift in Sources */,
				A226537B29705A4400605697 /* ArtCVC.swift in Sources */,
				A20CBD5C294787C10012FF32 /* setFont.swift in Sources */,
				A226537F297062A000605697 /* HomeHeader.swift in Sources */,
				A2B38580295D895800E5EB7C /* SchoolEmailAuthVC.swift in Sources */,
				A2100F6A29865E8800C85ADF /* AlignOption.swift in Sources */,
				A226537D29705F8100605697 /* BannerCVC.swift in Sources */,
				A2100F742986939A00C85ADF /* WorksVC.swift in Sources */,
				A22BE590296AEA4F00D9815C /* AuthManager.swift in Sources */,
				A2B38574295D88D400E5EB7C /* SignupGenreView.swift in Sources */,
				A26F0AAC2948BE23001CB2AA /* ConciergeVC.swift in Sources */,
				A216BD37297FA384008964BC /* HomeDetailView.swift in Sources */,
				A2F6EADE298773EB00DE754F /* BannerModel.swift in Sources */,
				A216BD3B297FA3B4008964BC /* HomeDetailVC.swift in Sources */,
				A2947A2C298017B100EE2A96 /* OtherChatBubbleCVC.swift in Sources */,
				A2B3857E295D895000E5EB7C /* SchoolEmailAuthView.swift in Sources */,
				A2B385622959A4C500E5EB7C /* LoginVC.swift in Sources */,
				A2B38576295D88DC00E5EB7C /* SignupGenreVC.swift in Sources */,
				A216BD4E297FCC02008964BC /* NotiView.swift in Sources */,
				A2265372296D7E5600605697 /* HomeView.swift in Sources */,
				A26F0AB32948C843001CB2AA /* SZVC.swift in Sources */,
				A2B3856E295D889400E5EB7C /* AgreementVC.swift in Sources */,
				A216BD5C297FE020008964BC /* ChatView.swift in Sources */,
				A2F6EAE5298776F300DE754F /* HomeManager.swift in Sources */,
				A23415B22927D776007DADE7 /* AppDelegate.swift in Sources */,
				A2F9053C29896A5200AC588C /* SocketIOManager.swift in Sources */,
				A23415B42927D776007DADE7 /* SceneDelegate.swift in Sources */,
				A216BD3D297FA426008964BC /* ArtFullWidthCVC.swift in Sources */,
				A2B38572295D88C000E5EB7C /* SignupNameVC.swift in Sources */,
			);
			runOnlyForDeploymentPostprocessing = 0;
		};
		A2F07842298AB0A7004A2B3F /* Sources */ = {
			isa = PBXSourcesBuildPhase;
			buildActionMask = 2147483647;
			files = (
				A2646BEB2991FB210004F4CE /* HomeAPIProviderTests.swift in Sources */,
			);
			runOnlyForDeploymentPostprocessing = 0;
		};
/* End PBXSourcesBuildPhase section */

/* Begin PBXTargetDependency section */
		A2F0784B298AB0A7004A2B3F /* PBXTargetDependency */ = {
			isa = PBXTargetDependency;
			target = A23415AD2927D776007DADE7 /* Sinzak */;
			targetProxy = A2F0784A298AB0A7004A2B3F /* PBXContainerItemProxy */;
		};
/* End PBXTargetDependency section */

/* Begin PBXVariantGroup section */
		A20CBD6829478B4A0012FF32 /* InfoPlist.strings */ = {
			isa = PBXVariantGroup;
			children = (
				A20CBD6729478B4A0012FF32 /* ko */,
				A20CBD6929478B4D0012FF32 /* en */,
			);
			name = InfoPlist.strings;
			sourceTree = "<group>";
		};
		A20CBD6C29478B540012FF32 /* Localizable.strings */ = {
			isa = PBXVariantGroup;
			children = (
				A20CBD6B29478B540012FF32 /* ko */,
				A20CBD6D29478B560012FF32 /* en */,
			);
			name = Localizable.strings;
			sourceTree = "<group>";
		};
		A23415B72927D776007DADE7 /* Main.storyboard */ = {
			isa = PBXVariantGroup;
			children = (
				A23415B82927D776007DADE7 /* Base */,
				A20CBD5E29478A800012FF32 /* ko */,
			);
			name = Main.storyboard;
			sourceTree = "<group>";
		};
		A23415BC2927D778007DADE7 /* LaunchScreen.storyboard */ = {
			isa = PBXVariantGroup;
			children = (
				A23415BD2927D778007DADE7 /* Base */,
				A20CBD5D29478A800012FF32 /* ko */,
			);
			name = LaunchScreen.storyboard;
			sourceTree = "<group>";
		};
/* End PBXVariantGroup section */

/* Begin XCBuildConfiguration section */
		A23415C02927D778007DADE7 /* Debug */ = {
			isa = XCBuildConfiguration;
			buildSettings = {
				ALWAYS_SEARCH_USER_PATHS = NO;
				CLANG_ANALYZER_LOCALIZABILITY_NONLOCALIZED = YES;
				CLANG_ANALYZER_NONNULL = YES;
				CLANG_ANALYZER_NUMBER_OBJECT_CONVERSION = YES_AGGRESSIVE;
				CLANG_CXX_LANGUAGE_STANDARD = "gnu++17";
				CLANG_ENABLE_MODULES = YES;
				CLANG_ENABLE_OBJC_ARC = YES;
				CLANG_ENABLE_OBJC_WEAK = YES;
				CLANG_WARN_BLOCK_CAPTURE_AUTORELEASING = YES;
				CLANG_WARN_BOOL_CONVERSION = YES;
				CLANG_WARN_COMMA = YES;
				CLANG_WARN_CONSTANT_CONVERSION = YES;
				CLANG_WARN_DEPRECATED_OBJC_IMPLEMENTATIONS = YES;
				CLANG_WARN_DIRECT_OBJC_ISA_USAGE = YES_ERROR;
				CLANG_WARN_DOCUMENTATION_COMMENTS = YES;
				CLANG_WARN_EMPTY_BODY = YES;
				CLANG_WARN_ENUM_CONVERSION = YES;
				CLANG_WARN_INFINITE_RECURSION = YES;
				CLANG_WARN_INT_CONVERSION = YES;
				CLANG_WARN_NON_LITERAL_NULL_CONVERSION = YES;
				CLANG_WARN_OBJC_IMPLICIT_RETAIN_SELF = YES;
				CLANG_WARN_OBJC_LITERAL_CONVERSION = YES;
				CLANG_WARN_OBJC_ROOT_CLASS = YES_ERROR;
				CLANG_WARN_QUOTED_INCLUDE_IN_FRAMEWORK_HEADER = YES;
				CLANG_WARN_RANGE_LOOP_ANALYSIS = YES;
				CLANG_WARN_STRICT_PROTOTYPES = YES;
				CLANG_WARN_SUSPICIOUS_MOVE = YES;
				CLANG_WARN_UNGUARDED_AVAILABILITY = YES_AGGRESSIVE;
				CLANG_WARN_UNREACHABLE_CODE = YES;
				CLANG_WARN__DUPLICATE_METHOD_MATCH = YES;
				COPY_PHASE_STRIP = NO;
				DEBUG_INFORMATION_FORMAT = dwarf;
				ENABLE_STRICT_OBJC_MSGSEND = YES;
				ENABLE_TESTABILITY = YES;
				GCC_C_LANGUAGE_STANDARD = gnu11;
				GCC_DYNAMIC_NO_PIC = NO;
				GCC_NO_COMMON_BLOCKS = YES;
				GCC_OPTIMIZATION_LEVEL = 0;
				GCC_PREPROCESSOR_DEFINITIONS = (
					"DEBUG=1",
					"$(inherited)",
				);
				GCC_WARN_64_TO_32_BIT_CONVERSION = YES;
				GCC_WARN_ABOUT_RETURN_TYPE = YES_ERROR;
				GCC_WARN_UNDECLARED_SELECTOR = YES;
				GCC_WARN_UNINITIALIZED_AUTOS = YES_AGGRESSIVE;
				GCC_WARN_UNUSED_FUNCTION = YES;
				GCC_WARN_UNUSED_VARIABLE = YES;
				IPHONEOS_DEPLOYMENT_TARGET = 15.5;
				MTL_ENABLE_DEBUG_INFO = INCLUDE_SOURCE;
				MTL_FAST_MATH = YES;
				ONLY_ACTIVE_ARCH = YES;
				SDKROOT = iphoneos;
				SWIFT_ACTIVE_COMPILATION_CONDITIONS = DEBUG;
				SWIFT_OPTIMIZATION_LEVEL = "-Onone";
			};
			name = Debug;
		};
		A23415C12927D778007DADE7 /* Release */ = {
			isa = XCBuildConfiguration;
			buildSettings = {
				ALWAYS_SEARCH_USER_PATHS = NO;
				CLANG_ANALYZER_LOCALIZABILITY_NONLOCALIZED = YES;
				CLANG_ANALYZER_NONNULL = YES;
				CLANG_ANALYZER_NUMBER_OBJECT_CONVERSION = YES_AGGRESSIVE;
				CLANG_CXX_LANGUAGE_STANDARD = "gnu++17";
				CLANG_ENABLE_MODULES = YES;
				CLANG_ENABLE_OBJC_ARC = YES;
				CLANG_ENABLE_OBJC_WEAK = YES;
				CLANG_WARN_BLOCK_CAPTURE_AUTORELEASING = YES;
				CLANG_WARN_BOOL_CONVERSION = YES;
				CLANG_WARN_COMMA = YES;
				CLANG_WARN_CONSTANT_CONVERSION = YES;
				CLANG_WARN_DEPRECATED_OBJC_IMPLEMENTATIONS = YES;
				CLANG_WARN_DIRECT_OBJC_ISA_USAGE = YES_ERROR;
				CLANG_WARN_DOCUMENTATION_COMMENTS = YES;
				CLANG_WARN_EMPTY_BODY = YES;
				CLANG_WARN_ENUM_CONVERSION = YES;
				CLANG_WARN_INFINITE_RECURSION = YES;
				CLANG_WARN_INT_CONVERSION = YES;
				CLANG_WARN_NON_LITERAL_NULL_CONVERSION = YES;
				CLANG_WARN_OBJC_IMPLICIT_RETAIN_SELF = YES;
				CLANG_WARN_OBJC_LITERAL_CONVERSION = YES;
				CLANG_WARN_OBJC_ROOT_CLASS = YES_ERROR;
				CLANG_WARN_QUOTED_INCLUDE_IN_FRAMEWORK_HEADER = YES;
				CLANG_WARN_RANGE_LOOP_ANALYSIS = YES;
				CLANG_WARN_STRICT_PROTOTYPES = YES;
				CLANG_WARN_SUSPICIOUS_MOVE = YES;
				CLANG_WARN_UNGUARDED_AVAILABILITY = YES_AGGRESSIVE;
				CLANG_WARN_UNREACHABLE_CODE = YES;
				CLANG_WARN__DUPLICATE_METHOD_MATCH = YES;
				COPY_PHASE_STRIP = NO;
				DEBUG_INFORMATION_FORMAT = "dwarf-with-dsym";
				ENABLE_NS_ASSERTIONS = NO;
				ENABLE_STRICT_OBJC_MSGSEND = YES;
				GCC_C_LANGUAGE_STANDARD = gnu11;
				GCC_NO_COMMON_BLOCKS = YES;
				GCC_WARN_64_TO_32_BIT_CONVERSION = YES;
				GCC_WARN_ABOUT_RETURN_TYPE = YES_ERROR;
				GCC_WARN_UNDECLARED_SELECTOR = YES;
				GCC_WARN_UNINITIALIZED_AUTOS = YES_AGGRESSIVE;
				GCC_WARN_UNUSED_FUNCTION = YES;
				GCC_WARN_UNUSED_VARIABLE = YES;
				IPHONEOS_DEPLOYMENT_TARGET = 15.5;
				MTL_ENABLE_DEBUG_INFO = NO;
				MTL_FAST_MATH = YES;
				SDKROOT = iphoneos;
				SWIFT_COMPILATION_MODE = wholemodule;
				SWIFT_OPTIMIZATION_LEVEL = "-O";
				VALIDATE_PRODUCT = YES;
			};
			name = Release;
		};
		A23415C32927D778007DADE7 /* Debug */ = {
			isa = XCBuildConfiguration;
			baseConfigurationReference = 4C1051FDB08E63609D13B62C /* Pods-Sinzak.debug.xcconfig */;
			buildSettings = {
				ASSETCATALOG_COMPILER_APPICON_NAME = AppIcon;
				ASSETCATALOG_COMPILER_GLOBAL_ACCENT_COLOR_NAME = AccentColor;
				CODE_SIGN_ENTITLEMENTS = Sinzak/Sinzak.entitlements;
				CODE_SIGN_STYLE = Automatic;
				CURRENT_PROJECT_VERSION = 1;
				DEVELOPMENT_TEAM = F7B353LPM3;
				GENERATE_INFOPLIST_FILE = YES;
				INFOPLIST_FILE = Sinzak/Info.plist;
				INFOPLIST_KEY_UIApplicationSupportsIndirectInputEvents = YES;
				INFOPLIST_KEY_UILaunchStoryboardName = LaunchScreen;
				INFOPLIST_KEY_UIMainStoryboardFile = Main;
				INFOPLIST_KEY_UISupportedInterfaceOrientations = UIInterfaceOrientationPortrait;
				INFOPLIST_KEY_UISupportedInterfaceOrientations_iPad = "UIInterfaceOrientationPortrait UIInterfaceOrientationPortraitUpsideDown UIInterfaceOrientationLandscapeLeft UIInterfaceOrientationLandscapeRight";
				INFOPLIST_KEY_UISupportedInterfaceOrientations_iPhone = "UIInterfaceOrientationPortrait UIInterfaceOrientationLandscapeLeft UIInterfaceOrientationLandscapeRight";
				IPHONEOS_DEPLOYMENT_TARGET = 15.0;
				LD_RUNPATH_SEARCH_PATHS = (
					"$(inherited)",
					"@executable_path/Frameworks",
				);
				MARKETING_VERSION = 1.0;
				PRODUCT_BUNDLE_IDENTIFIER = com.kimdee.Sinzak;
				PRODUCT_NAME = "$(TARGET_NAME)";
				SWIFT_EMIT_LOC_STRINGS = YES;
				SWIFT_VERSION = 5.0;
				TARGETED_DEVICE_FAMILY = 1;
			};
			name = Debug;
		};
		A23415C42927D778007DADE7 /* Release */ = {
			isa = XCBuildConfiguration;
			baseConfigurationReference = 3DB488BBBBBFF96BBEF7A346 /* Pods-Sinzak.release.xcconfig */;
			buildSettings = {
				ASSETCATALOG_COMPILER_APPICON_NAME = AppIcon;
				ASSETCATALOG_COMPILER_GLOBAL_ACCENT_COLOR_NAME = AccentColor;
				CODE_SIGN_ENTITLEMENTS = Sinzak/Sinzak.entitlements;
				CODE_SIGN_STYLE = Automatic;
				CURRENT_PROJECT_VERSION = 1;
				DEVELOPMENT_TEAM = F7B353LPM3;
				GENERATE_INFOPLIST_FILE = YES;
				INFOPLIST_FILE = Sinzak/Info.plist;
				INFOPLIST_KEY_UIApplicationSupportsIndirectInputEvents = YES;
				INFOPLIST_KEY_UILaunchStoryboardName = LaunchScreen;
				INFOPLIST_KEY_UIMainStoryboardFile = Main;
				INFOPLIST_KEY_UISupportedInterfaceOrientations = UIInterfaceOrientationPortrait;
				INFOPLIST_KEY_UISupportedInterfaceOrientations_iPad = "UIInterfaceOrientationPortrait UIInterfaceOrientationPortraitUpsideDown UIInterfaceOrientationLandscapeLeft UIInterfaceOrientationLandscapeRight";
				INFOPLIST_KEY_UISupportedInterfaceOrientations_iPhone = "UIInterfaceOrientationPortrait UIInterfaceOrientationLandscapeLeft UIInterfaceOrientationLandscapeRight";
				IPHONEOS_DEPLOYMENT_TARGET = 15.0;
				LD_RUNPATH_SEARCH_PATHS = (
					"$(inherited)",
					"@executable_path/Frameworks",
				);
				MARKETING_VERSION = 1.0;
				PRODUCT_BUNDLE_IDENTIFIER = com.kimdee.Sinzak;
				PRODUCT_NAME = "$(TARGET_NAME)";
				SWIFT_EMIT_LOC_STRINGS = YES;
				SWIFT_VERSION = 5.0;
				TARGETED_DEVICE_FAMILY = 1;
			};
			name = Release;
		};
		A2F0784C298AB0A7004A2B3F /* Debug */ = {
			isa = XCBuildConfiguration;
			buildSettings = {
				BUNDLE_LOADER = "$(TEST_HOST)";
				CLANG_CXX_LANGUAGE_STANDARD = "gnu++20";
				CODE_SIGN_STYLE = Automatic;
				CURRENT_PROJECT_VERSION = 1;
				DEVELOPMENT_TEAM = F7B353LPM3;
				GENERATE_INFOPLIST_FILE = YES;
				IPHONEOS_DEPLOYMENT_TARGET = 15.0;
				MACOSX_DEPLOYMENT_TARGET = 13.0;
				MARKETING_VERSION = 1.0;
				PRODUCT_BUNDLE_IDENTIFIER = com.kimdee.SinzakTests;
				PRODUCT_NAME = "$(TARGET_NAME)";
				SDKROOT = auto;
				SUPPORTED_PLATFORMS = "iphoneos iphonesimulator macosx";
				SWIFT_EMIT_LOC_STRINGS = NO;
				SWIFT_VERSION = 5.0;
				TARGETED_DEVICE_FAMILY = "1,2";
				TEST_HOST = "$(BUILT_PRODUCTS_DIR)/Sinzak.app/$(BUNDLE_EXECUTABLE_FOLDER_PATH)/Sinzak";
			};
			name = Debug;
		};
		A2F0784D298AB0A7004A2B3F /* Release */ = {
			isa = XCBuildConfiguration;
			buildSettings = {
				BUNDLE_LOADER = "$(TEST_HOST)";
				CLANG_CXX_LANGUAGE_STANDARD = "gnu++20";
				CODE_SIGN_STYLE = Automatic;
				CURRENT_PROJECT_VERSION = 1;
				DEVELOPMENT_TEAM = F7B353LPM3;
				GENERATE_INFOPLIST_FILE = YES;
				IPHONEOS_DEPLOYMENT_TARGET = 15.0;
				MACOSX_DEPLOYMENT_TARGET = 13.0;
				MARKETING_VERSION = 1.0;
				PRODUCT_BUNDLE_IDENTIFIER = com.kimdee.SinzakTests;
				PRODUCT_NAME = "$(TARGET_NAME)";
				SDKROOT = auto;
				SUPPORTED_PLATFORMS = "iphoneos iphonesimulator macosx";
				SWIFT_EMIT_LOC_STRINGS = NO;
				SWIFT_VERSION = 5.0;
				TARGETED_DEVICE_FAMILY = "1,2";
				TEST_HOST = "$(BUILT_PRODUCTS_DIR)/Sinzak.app/$(BUNDLE_EXECUTABLE_FOLDER_PATH)/Sinzak";
			};
			name = Release;
		};
/* End XCBuildConfiguration section */

/* Begin XCConfigurationList section */
		A23415A92927D776007DADE7 /* Build configuration list for PBXProject "Sinzak" */ = {
			isa = XCConfigurationList;
			buildConfigurations = (
				A23415C02927D778007DADE7 /* Debug */,
				A23415C12927D778007DADE7 /* Release */,
			);
			defaultConfigurationIsVisible = 0;
			defaultConfigurationName = Release;
		};
		A23415C22927D778007DADE7 /* Build configuration list for PBXNativeTarget "Sinzak" */ = {
			isa = XCConfigurationList;
			buildConfigurations = (
				A23415C32927D778007DADE7 /* Debug */,
				A23415C42927D778007DADE7 /* Release */,
			);
			defaultConfigurationIsVisible = 0;
			defaultConfigurationName = Release;
		};
		A2F0784E298AB0A7004A2B3F /* Build configuration list for PBXNativeTarget "SinzakTests" */ = {
			isa = XCConfigurationList;
			buildConfigurations = (
				A2F0784C298AB0A7004A2B3F /* Debug */,
				A2F0784D298AB0A7004A2B3F /* Release */,
			);
			defaultConfigurationIsVisible = 0;
			defaultConfigurationName = Release;
		};
/* End XCConfigurationList section */

/* Begin XCRemoteSwiftPackageReference section */
		A210CD4D292F4D5300F86A08 /* XCRemoteSwiftPackageReference "SnapKit" */ = {
			isa = XCRemoteSwiftPackageReference;
			repositoryURL = "https://github.com/SnapKit/SnapKit";
			requirement = {
				kind = upToNextMinorVersion;
				minimumVersion = 5.6.0;
			};
		};
		A210CD50292F4D6B00F86A08 /* XCRemoteSwiftPackageReference "Then" */ = {
			isa = XCRemoteSwiftPackageReference;
			repositoryURL = "https://github.com/devxoul/Then";
			requirement = {
				kind = upToNextMinorVersion;
				minimumVersion = 3.0.0;
			};
		};
		A210CD53292F4D8800F86A08 /* XCRemoteSwiftPackageReference "RxSwift" */ = {
			isa = XCRemoteSwiftPackageReference;
			repositoryURL = "https://github.com/ReactiveX/RxSwift";
			requirement = {
				kind = upToNextMinorVersion;
				minimumVersion = 6.5.0;
			};
		};
		A210CD58292F4DDA00F86A08 /* XCRemoteSwiftPackageReference "ReactorKit" */ = {
			isa = XCRemoteSwiftPackageReference;
			repositoryURL = "https://github.com/ReactorKit/ReactorKit";
			requirement = {
				kind = upToNextMinorVersion;
				minimumVersion = 3.2.0;
			};
		};
		A216BD46297FB6B5008964BC /* XCRemoteSwiftPackageReference "Tabman" */ = {
			isa = XCRemoteSwiftPackageReference;
			repositoryURL = "https://github.com/uias/Tabman";
			requirement = {
				kind = upToNextMajorVersion;
				minimumVersion = 3.0.0;
			};
		};
		A2289D4C2986A3910017969C /* XCRemoteSwiftPackageReference "Kingfisher" */ = {
			isa = XCRemoteSwiftPackageReference;
			repositoryURL = "https://github.com/onevcat/Kingfisher";
			requirement = {
				kind = upToNextMinorVersion;
				minimumVersion = 7.5.0;
			};
		};
		A22BE591296AEB0300D9815C /* XCRemoteSwiftPackageReference "Moya" */ = {
			isa = XCRemoteSwiftPackageReference;
			repositoryURL = "https://github.com/Moya/Moya";
			requirement = {
				kind = exactVersion;
				version = 15.0.3;
			};
		};
		A22BE5A1296B001B00D9815C /* XCRemoteSwiftPackageReference "kakao-ios-sdk" */ = {
			isa = XCRemoteSwiftPackageReference;
			repositoryURL = "https://github.com/kakao/kakao-ios-sdk";
			requirement = {
				kind = exactVersion;
				version = 2.13.1;
			};
		};
		A29CE9DB2998DD2800EB89B4 /* XCRemoteSwiftPackageReference "firebase-ios-sdk" */ = {
			isa = XCRemoteSwiftPackageReference;
			repositoryURL = "https://github.com/firebase/firebase-ios-sdk";
			requirement = {
				kind = upToNextMinorVersion;
				minimumVersion = 9.6.0;
			};
		};
		A2F90535298968DA00AC588C /* XCRemoteSwiftPackageReference "socket" */ = {
			isa = XCRemoteSwiftPackageReference;
			repositoryURL = "https://github.com/socketio/socket.io-client-swift";
			requirement = {
				kind = exactVersion;
				version = 16.0.1;
			};
		};
/* End XCRemoteSwiftPackageReference section */

/* Begin XCSwiftPackageProductDependency section */
		A210CD4E292F4D5300F86A08 /* SnapKit */ = {
			isa = XCSwiftPackageProductDependency;
			package = A210CD4D292F4D5300F86A08 /* XCRemoteSwiftPackageReference "SnapKit" */;
			productName = SnapKit;
		};
		A210CD51292F4D6B00F86A08 /* Then */ = {
			isa = XCSwiftPackageProductDependency;
			package = A210CD50292F4D6B00F86A08 /* XCRemoteSwiftPackageReference "Then" */;
			productName = Then;
		};
		A210CD54292F4D8800F86A08 /* RxCocoa */ = {
			isa = XCSwiftPackageProductDependency;
			package = A210CD53292F4D8800F86A08 /* XCRemoteSwiftPackageReference "RxSwift" */;
			productName = RxCocoa;
		};
		A210CD56292F4D8800F86A08 /* RxSwift */ = {
			isa = XCSwiftPackageProductDependency;
			package = A210CD53292F4D8800F86A08 /* XCRemoteSwiftPackageReference "RxSwift" */;
			productName = RxSwift;
		};
		A210CD59292F4DDA00F86A08 /* ReactorKit */ = {
			isa = XCSwiftPackageProductDependency;
			package = A210CD58292F4DDA00F86A08 /* XCRemoteSwiftPackageReference "ReactorKit" */;
			productName = ReactorKit;
		};
		A216BD47297FB6B5008964BC /* Tabman */ = {
			isa = XCSwiftPackageProductDependency;
			package = A216BD46297FB6B5008964BC /* XCRemoteSwiftPackageReference "Tabman" */;
			productName = Tabman;
		};
		A2289D4D2986A3910017969C /* Kingfisher */ = {
			isa = XCSwiftPackageProductDependency;
			package = A2289D4C2986A3910017969C /* XCRemoteSwiftPackageReference "Kingfisher" */;
			productName = Kingfisher;
		};
		A22BE592296AEB0300D9815C /* Moya */ = {
			isa = XCSwiftPackageProductDependency;
			package = A22BE591296AEB0300D9815C /* XCRemoteSwiftPackageReference "Moya" */;
			productName = Moya;
		};
		A22BE5A2296B001B00D9815C /* KakaoSDK */ = {
			isa = XCSwiftPackageProductDependency;
			package = A22BE5A1296B001B00D9815C /* XCRemoteSwiftPackageReference "kakao-ios-sdk" */;
			productName = KakaoSDK;
		};
		A22BE5A4296B001B00D9815C /* KakaoSDKAuth */ = {
			isa = XCSwiftPackageProductDependency;
			package = A22BE5A1296B001B00D9815C /* XCRemoteSwiftPackageReference "kakao-ios-sdk" */;
			productName = KakaoSDKAuth;
		};
		A22BE5A6296B001B00D9815C /* KakaoSDKCommon */ = {
			isa = XCSwiftPackageProductDependency;
			package = A22BE5A1296B001B00D9815C /* XCRemoteSwiftPackageReference "kakao-ios-sdk" */;
			productName = KakaoSDKCommon;
		};
		A22BE5A8296B001B00D9815C /* KakaoSDKUser */ = {
			isa = XCSwiftPackageProductDependency;
			package = A22BE5A1296B001B00D9815C /* XCRemoteSwiftPackageReference "kakao-ios-sdk" */;
			productName = KakaoSDKUser;
		};
		A29CE9DC2998DD2800EB89B4 /* FirebaseAnalyticsWithoutAdIdSupport */ = {
			isa = XCSwiftPackageProductDependency;
			package = A29CE9DB2998DD2800EB89B4 /* XCRemoteSwiftPackageReference "firebase-ios-sdk" */;
			productName = FirebaseAnalyticsWithoutAdIdSupport;
		};
		A29CE9DE2998DD2800EB89B4 /* FirebaseCrashlytics */ = {
			isa = XCSwiftPackageProductDependency;
			package = A29CE9DB2998DD2800EB89B4 /* XCRemoteSwiftPackageReference "firebase-ios-sdk" */;
			productName = FirebaseCrashlytics;
		};
		A29CE9E02998DD2800EB89B4 /* FirebaseMessaging */ = {
			isa = XCSwiftPackageProductDependency;
			package = A29CE9DB2998DD2800EB89B4 /* XCRemoteSwiftPackageReference "firebase-ios-sdk" */;
			productName = FirebaseMessaging;
		};
		A2F90536298968DA00AC588C /* SocketIO */ = {
			isa = XCSwiftPackageProductDependency;
			package = A2F90535298968DA00AC588C /* XCRemoteSwiftPackageReference "socket" */;
			productName = SocketIO;
		};
/* End XCSwiftPackageProductDependency section */
	};
	rootObject = A23415A62927D776007DADE7 /* Project object */;
}
